// !$*UTF8*$!
{
	archiveVersion = 1;
	classes = {
	};
	objectVersion = 46;
	objects = {
		5E618435888B9D49F8540165 = {
			buildActionMask = 2147483647;
			files = (
				);
			isa = PBXShellScriptBuildPhase;
			runOnlyForDeploymentPostprocessing = 0;
			name = "Qt Qmake";
			shellPath = "/bin/sh";
			shellScript = "make -C /Users/dimas/CarshService/build/Qt_6_6_3_for_iOS_4f333c-Release -f CarshService.xcodeproj/qt_makeqmake.mak";
			showEnvVarsInLog = "0";
		};
		6926FA1DAE4576EFE800BD1A = {
			isa = PBXFileReference;
			path = "/Users/dimas/CarshService/BDPatterns.cpp";
			name = "BDPatterns.cpp";
			sourceTree = "<absolute>";
			lastKnownFileType = "sourcecode.cpp.cpp";
		};
		A7A3AF07FBA213E9E19C900A = {
			fileRef = "6926FA1DAE4576EFE800BD1A";
			isa = PBXBuildFile;
			settings = {
				ATTRIBUTES = (
					);
			};
		};
		CA0F1456ADCA1BB8C71F62A4 = {
			isa = PBXFileReference;
			path = "/Users/dimas/CarshService/carsh_service_widgets/qcarshcarddlg.cpp";
			name = "qcarshcarddlg.cpp";
			sourceTree = "<absolute>";
			lastKnownFileType = "sourcecode.cpp.cpp";
		};
		127E191D5B5A5C1B1F221693 = {
			fileRef = "CA0F1456ADCA1BB8C71F62A4";
			isa = PBXBuildFile;
			settings = {
				ATTRIBUTES = (
					);
			};
		};
		CBB5B051600922984B94DB0B = {
			isa = PBXFileReference;
			path = "/Users/dimas/CarshService/carsh_service_widgets/qcarshserviceemploeecarddlg.cpp";
			name = "qcarshserviceemploeecarddlg.cpp";
			sourceTree = "<absolute>";
			lastKnownFileType = "sourcecode.cpp.cpp";
		};
		BFB2AB58619673033A18A667 = {
			fileRef = "CBB5B051600922984B94DB0B";
			isa = PBXBuildFile;
			settings = {
				ATTRIBUTES = (
					);
			};
		};
		683DD28F65690C8E11EBC8A2 = {
			isa = PBXFileReference;
			path = "/Users/dimas/CarshService/carsh_service_widgets/qcarshservicemaindlg.cpp";
			name = "qcarshservicemaindlg.cpp";
			sourceTree = "<absolute>";
			lastKnownFileType = "sourcecode.cpp.cpp";
		};
		32E572CBE84D946D9AABBD1C = {
			fileRef = "683DD28F65690C8E11EBC8A2";
			isa = PBXBuildFile;
			settings = {
				ATTRIBUTES = (
					);
			};
		};
		EBB1726EDE580F690314304B = {
			isa = PBXFileReference;
			path = "/Users/dimas/CarshService/carsh_service_widgets/qcarshserviceusersdlg.cpp";
			name = "qcarshserviceusersdlg.cpp";
			sourceTree = "<absolute>";
			lastKnownFileType = "sourcecode.cpp.cpp";
		};
		A6DDD8DBB47E244E1CA1F213 = {
			fileRef = "EBB1726EDE580F690314304B";
			isa = PBXBuildFile;
			settings = {
				ATTRIBUTES = (
					);
			};
		};
		062DD203BF1F46601BA518B0 = {
			isa = PBXFileReference;
			path = "/Users/dimas/CarshService/common.cpp";
			name = "common.cpp";
			sourceTree = "<absolute>";
			lastKnownFileType = "sourcecode.cpp.cpp";
		};
		31AC5E09DE079A31FC2B1E85 = {
			fileRef = "062DD203BF1F46601BA518B0";
			isa = PBXBuildFile;
			settings = {
				ATTRIBUTES = (
					);
			};
		};
		576AED4E711FAC7CC1405801 = {
			isa = PBXFileReference;
			path = "/Users/dimas/CarshService/emploee_widgets/QEmploeeTasksDlg.cpp";
			name = "QEmploeeTasksDlg.cpp";
			sourceTree = "<absolute>";
			lastKnownFileType = "sourcecode.cpp.cpp";
		};
		6F0A8D24DC8361EE4A3892BD = {
			fileRef = "576AED4E711FAC7CC1405801";
			isa = PBXBuildFile;
			settings = {
				ATTRIBUTES = (
					);
			};
		};
		70009156CC2B297B71FBA9DB = {
			isa = PBXFileReference;
			path = "/Users/dimas/CarshService/emploee_widgets/qemploeemaindlg.cpp";
			name = "qemploeemaindlg.cpp";
			sourceTree = "<absolute>";
			lastKnownFileType = "sourcecode.cpp.cpp";
		};
		C1E6008C37434EC2B99EC60B = {
			fileRef = "70009156CC2B297B71FBA9DB";
			isa = PBXBuildFile;
			settings = {
				ATTRIBUTES = (
					);
			};
		};
		9D898DC2889A00DB06D4A7C8 = {
			isa = PBXFileReference;
			path = "/Users/dimas/CarshService/main.cpp";
			name = "main.cpp";
			sourceTree = "<absolute>";
			lastKnownFileType = "sourcecode.cpp.cpp";
		};
		9423D3997EC40458961217A1 = {
			fileRef = "9D898DC2889A00DB06D4A7C8";
			isa = PBXBuildFile;
			settings = {
				ATTRIBUTES = (
					);
			};
		};
		A9B57F8011F977EBEF2A7743 = {
			isa = PBXFileReference;
			path = "/Users/dimas/CarshService/native.cpp";
			name = "native.cpp";
			sourceTree = "<absolute>";
			lastKnownFileType = "sourcecode.cpp.cpp";
		};
		34835DEDF815BD5EE3C423C5 = {
			fileRef = "A9B57F8011F977EBEF2A7743";
			isa = PBXBuildFile;
			settings = {
				ATTRIBUTES = (
					);
			};
		};
		C52F51CE03FBF6313096E46D = {
			isa = PBXFileReference;
			path = "/Users/dimas/CarshService/pictures/qpictureswidget.cpp";
			name = "qpictureswidget.cpp";
			sourceTree = "<absolute>";
			lastKnownFileType = "sourcecode.cpp.cpp";
		};
		7DA7A7C343768E9DB29444E1 = {
			fileRef = "C52F51CE03FBF6313096E46D";
			isa = PBXBuildFile;
			settings = {
				ATTRIBUTES = (
					);
			};
		};
		02AEC2442770826BEC53C0A7 = {
			isa = PBXFileReference;
			path = "/Users/dimas/CarshService/qsocketbd.cpp";
			name = "qsocketbd.cpp";
			sourceTree = "<absolute>";
			lastKnownFileType = "sourcecode.cpp.cpp";
		};
		CADB38A92969BD45C16910BE = {
			fileRef = "02AEC2442770826BEC53C0A7";
			isa = PBXBuildFile;
			settings = {
				ATTRIBUTES = (
					);
			};
		};
		E95D4292B20FE73546FB2033 = {
			isa = PBXFileReference;
			path = "/Users/dimas/CarshService/qsocketbdnetclient.cpp";
			name = "qsocketbdnetclient.cpp";
			sourceTree = "<absolute>";
			lastKnownFileType = "sourcecode.cpp.cpp";
		};
		7CE21AA186D8FDF528730ECE = {
			fileRef = "E95D4292B20FE73546FB2033";
			isa = PBXBuildFile;
			settings = {
				ATTRIBUTES = (
					);
			};
		};
		A252B3E646B70CCD8B2FCB4B = {
			isa = PBXFileReference;
			path = "/Users/dimas/CarshService/service_widgets/qclicablelabel.cpp";
			name = "qclicablelabel.cpp";
			sourceTree = "<absolute>";
			lastKnownFileType = "sourcecode.cpp.cpp";
		};
		11AD6422B65B8AF0D13A490C = {
			fileRef = "A252B3E646B70CCD8B2FCB4B";
			isa = PBXBuildFile;
			settings = {
				ATTRIBUTES = (
					);
			};
		};
		0FA0B6A70B5361EC4C2A389D = {
			isa = PBXFileReference;
			path = "/Users/dimas/CarshService/service_widgets/qcolumntext.cpp";
			name = "qcolumntext.cpp";
			sourceTree = "<absolute>";
			lastKnownFileType = "sourcecode.cpp.cpp";
		};
		D0E8761905708EE6FE2D5270 = {
			fileRef = "0FA0B6A70B5361EC4C2A389D";
			isa = PBXBuildFile;
			settings = {
				ATTRIBUTES = (
					);
			};
		};
		115EF263CE15A9B173DABF01 = {
			isa = PBXFileReference;
			path = "/Users/dimas/CarshService/service_widgets/qcsbasedialog.cpp";
			name = "qcsbasedialog.cpp";
			sourceTree = "<absolute>";
			lastKnownFileType = "sourcecode.cpp.cpp";
		};
		EA3CB431937C39DEADA1F118 = {
			fileRef = "115EF263CE15A9B173DABF01";
			isa = PBXBuildFile;
			settings = {
				ATTRIBUTES = (
					);
			};
		};
		F3AD6D292D10311931D188BD = {
			isa = PBXFileReference;
			path = "/Users/dimas/CarshService/service_widgets/qcsbasedlgscrollwidget.cpp";
			name = "qcsbasedlgscrollwidget.cpp";
			sourceTree = "<absolute>";
			lastKnownFileType = "sourcecode.cpp.cpp";
		};
		598825244733B2129FA828EB = {
			fileRef = "F3AD6D292D10311931D188BD";
			isa = PBXBuildFile;
			settings = {
				ATTRIBUTES = (
					);
			};
		};
		095CDCE1583179F2240802F2 = {
			isa = PBXFileReference;
			path = "/Users/dimas/CarshService/service_widgets/qcsbaselistitemdelegate.cpp";
			name = "qcsbaselistitemdelegate.cpp";
			sourceTree = "<absolute>";
			lastKnownFileType = "sourcecode.cpp.cpp";
		};
		19A5642F70D835CEBAC717DC = {
			fileRef = "095CDCE1583179F2240802F2";
			isa = PBXBuildFile;
			settings = {
				ATTRIBUTES = (
					);
			};
		};
		3C088B7444928F18F2E75883 = {
			isa = PBXFileReference;
			path = "/Users/dimas/CarshService/service_widgets/qcsbaselistwidget.cpp";
			name = "qcsbaselistwidget.cpp";
			sourceTree = "<absolute>";
			lastKnownFileType = "sourcecode.cpp.cpp";
		};
		0A4BD58570D4311E9D954A8D = {
			fileRef = "3C088B7444928F18F2E75883";
			isa = PBXBuildFile;
			settings = {
				ATTRIBUTES = (
					);
			};
		};
		29BF3D5B6B6CD11C2D97B3A2 = {
			isa = PBXFileReference;
			path = "/Users/dimas/CarshService/service_widgets/qcsmultiselectdlg.cpp";
			name = "qcsmultiselectdlg.cpp";
			sourceTree = "<absolute>";
			lastKnownFileType = "sourcecode.cpp.cpp";
		};
		EC2B25C0D175FB3BF30001CE = {
			fileRef = "29BF3D5B6B6CD11C2D97B3A2";
			isa = PBXBuildFile;
			settings = {
				ATTRIBUTES = (
					);
			};
		};
		FF15203EE8CFBF6787761575 = {
			isa = PBXFileReference;
			path = "/Users/dimas/CarshService/service_widgets/qcspaybasedialog.cpp";
			name = "qcspaybasedialog.cpp";
			sourceTree = "<absolute>";
			lastKnownFileType = "sourcecode.cpp.cpp";
		};
		7A640F21CB0029D19EF1879E = {
			fileRef = "FF15203EE8CFBF6787761575";
			isa = PBXBuildFile;
			settings = {
				ATTRIBUTES = (
					);
			};
		};
		7B9F432DB4896BC9B1B041E6 = {
			isa = PBXFileReference;
			path = "/Users/dimas/CarshService/service_widgets/qcsselectdialog.cpp";
			name = "qcsselectdialog.cpp";
			sourceTree = "<absolute>";
			lastKnownFileType = "sourcecode.cpp.cpp";
		};
		71FA96A47ED971DAF67BCE21 = {
			fileRef = "7B9F432DB4896BC9B1B041E6";
			isa = PBXBuildFile;
			settings = {
				ATTRIBUTES = (
					);
			};
		};
		A51BBCD66E946BC606B36999 = {
			isa = PBXFileReference;
			path = "/Users/dimas/CarshService/service_widgets/qcsselectdlgbuttonswidget.cpp";
			name = "qcsselectdlgbuttonswidget.cpp";
			sourceTree = "<absolute>";
			lastKnownFileType = "sourcecode.cpp.cpp";
		};
		094A422B5AAED3136B5EE47C = {
			fileRef = "A51BBCD66E946BC606B36999";
			isa = PBXBuildFile;
			settings = {
				ATTRIBUTES = (
					);
			};
		};
		502801F55A42B4C07B280263 = {
			isa = PBXFileReference;
			path = "/Users/dimas/CarshService/service_widgets/qlinetext.cpp";
			name = "qlinetext.cpp";
			sourceTree = "<absolute>";
			lastKnownFileType = "sourcecode.cpp.cpp";
		};
		3238D200E7647CBE33A6CE69 = {
			fileRef = "502801F55A42B4C07B280263";
			isa = PBXBuildFile;
			settings = {
				ATTRIBUTES = (
					);
			};
		};
		26A7B9AC72FC9DBD3D8B601F = {
			isa = PBXFileReference;
			path = "/Users/dimas/CarshService/service_widgets/qloaddoclinewidget.cpp";
			name = "qloaddoclinewidget.cpp";
			sourceTree = "<absolute>";
			lastKnownFileType = "sourcecode.cpp.cpp";
		};
		807B2D02C5FB925293DAE2E9 = {
			fileRef = "26A7B9AC72FC9DBD3D8B601F";
			isa = PBXBuildFile;
			settings = {
				ATTRIBUTES = (
					);
			};
		};
		0CCE304DB54CE678543C9E59 = {
			isa = PBXFileReference;
			path = "/Users/dimas/CarshService/qregisterdlg.cpp";
			name = "qregisterdlg.cpp";
			sourceTree = "<absolute>";
			lastKnownFileType = "sourcecode.cpp.cpp";
		};
		D642BA813B5284C2112E422B = {
			fileRef = "0CCE304DB54CE678543C9E59";
			isa = PBXBuildFile;
			settings = {
				ATTRIBUTES = (
					);
			};
		};
		4316763D241EB3BDA57170D6 = {
			isa = PBXFileReference;
			path = "/Users/dimas/CarshService/qregisteremploeedlg.cpp";
			name = "qregisteremploeedlg.cpp";
			sourceTree = "<absolute>";
			lastKnownFileType = "sourcecode.cpp.cpp";
		};
		C32FE6CE118C22FD95333901 = {
			fileRef = "4316763D241EB3BDA57170D6";
			isa = PBXBuildFile;
			settings = {
				ATTRIBUTES = (
					);
			};
		};
		5D45BDE7F4B871A53A8F49F3 = {
			isa = PBXFileReference;
			path = "/Users/dimas/CarshService/qregisterpartnerPlatedlg.cpp";
			name = "qregisterpartnerPlatedlg.cpp";
			sourceTree = "<absolute>";
			lastKnownFileType = "sourcecode.cpp.cpp";
		};
		7719EB0D5F5D70642DC437B4 = {
			fileRef = "5D45BDE7F4B871A53A8F49F3";
			isa = PBXBuildFile;
			settings = {
				ATTRIBUTES = (
					);
			};
		};
		171B2FEF17380FDF696E6A65 = {
			isa = PBXFileReference;
			path = "/Users/dimas/CarshService/service_widgets/qcalendardataselectdlg.cpp";
			name = "qcalendardataselectdlg.cpp";
			sourceTree = "<absolute>";
			lastKnownFileType = "sourcecode.cpp.cpp";
		};
		697643803C5A602CDA1F41C3 = {
			fileRef = "171B2FEF17380FDF696E6A65";
			isa = PBXBuildFile;
			settings = {
				ATTRIBUTES = (
					);
			};
		};
		213E0CF7C708A5F4FA1C2278 = {
			isa = PBXFileReference;
			path = "/Users/dimas/CarshService/service_widgets/qloaddocsdlg.cpp";
			name = "qloaddocsdlg.cpp";
			sourceTree = "<absolute>";
			lastKnownFileType = "sourcecode.cpp.cpp";
		};
		0501C287C466371C6AEAC045 = {
			fileRef = "213E0CF7C708A5F4FA1C2278";
			isa = PBXBuildFile;
			settings = {
				ATTRIBUTES = (
					);
			};
		};
		AA5DEA8105A7ECE6F17386AF = {
			isa = PBXFileReference;
			path = "/Users/dimas/CarshService/service_widgets/qnotecalendarwidget.cpp";
			name = "qnotecalendarwidget.cpp";
			sourceTree = "<absolute>";
			lastKnownFileType = "sourcecode.cpp.cpp";
		};
		E6F4EE224ECE4E5EB75B2F66 = {
			fileRef = "AA5DEA8105A7ECE6F17386AF";
			isa = PBXBuildFile;
			settings = {
				ATTRIBUTES = (
					);
			};
		};
		55A4275B8690CE18455338A4 = {
			isa = PBXFileReference;
			path = "/Users/dimas/CarshService/qsettingsdlg.cpp";
			name = "qsettingsdlg.cpp";
			sourceTree = "<absolute>";
			lastKnownFileType = "sourcecode.cpp.cpp";
		};
		E459AB2F2415BEB137FB22EB = {
			fileRef = "55A4275B8690CE18455338A4";
			isa = PBXBuildFile;
			settings = {
				ATTRIBUTES = (
					);
			};
		};
		C57909793FADDA9696D0FD51 = {
			isa = PBXFileReference;
			path = "/Users/dimas/CarshService/service_widgets/qselprovidercarshwidget.cpp";
			name = "qselprovidercarshwidget.cpp";
			sourceTree = "<absolute>";
			lastKnownFileType = "sourcecode.cpp.cpp";
		};
		825C88167084715184BB1ED5 = {
			fileRef = "C57909793FADDA9696D0FD51";
			isa = PBXBuildFile;
			settings = {
				ATTRIBUTES = (
					);
			};
		};
		C715D467B6F41F1FC03A7FA6 = {
			isa = PBXFileReference;
			path = "/Users/dimas/CarshService/service_widgets/qtimeselectdlg.cpp";
			name = "qtimeselectdlg.cpp";
			sourceTree = "<absolute>";
			lastKnownFileType = "sourcecode.cpp.cpp";
		};
		6108FFF5708C630682C626AB = {
			fileRef = "C715D467B6F41F1FC03A7FA6";
			isa = PBXBuildFile;
			settings = {
				ATTRIBUTES = (
					);
			};
		};
		9174D115833483047510FFFF = {
			isa = PBXFileReference;
			path = "/Users/dimas/CarshService/qcarshservicebasewidget.cpp";
			name = "qcarshservicebasewidget.cpp";
			sourceTree = "<absolute>";
			lastKnownFileType = "sourcecode.cpp.cpp";
		};
		6DDDA62ED0AD7B80787B6876 = {
			fileRef = "9174D115833483047510FFFF";
			isa = PBXBuildFile;
			settings = {
				ATTRIBUTES = (
					);
			};
		};
		7DCC58FD243B00B02138E3D5 = {
			isa = PBXFileReference;
			path = "/Users/dimas/CarshService/pictures/imagepickerandroid.cpp";
			name = "imagepickerandroid.cpp";
			sourceTree = "<absolute>";
			lastKnownFileType = "sourcecode.cpp.cpp";
		};
		99E6956CB47D05478071C3A2 = {
			fileRef = "7DCC58FD243B00B02138E3D5";
			isa = PBXBuildFile;
			settings = {
				ATTRIBUTES = (
					);
			};
		};
		33225A8AD36C95DD8B5D519E = {
			isa = PBXFileReference;
			path = "/Users/dimas/CarshService/pictures/imagewidget.cpp";
			name = "imagewidget.cpp";
			sourceTree = "<absolute>";
			lastKnownFileType = "sourcecode.cpp.cpp";
		};
		72FC656DC72C659D8C2561AE = {
			fileRef = "33225A8AD36C95DD8B5D519E";
			isa = PBXBuildFile;
			settings = {
				ATTRIBUTES = (
					);
			};
		};
		6814BEBE0C34AF371E419F59 = {
			isa = PBXFileReference;
			path = "/Users/dimas/CarshService/pictures/qfullscreenpicdialog.cpp";
			name = "qfullscreenpicdialog.cpp";
			sourceTree = "<absolute>";
			lastKnownFileType = "sourcecode.cpp.cpp";
		};
		7E27877FFC85EDF3FD2DF52C = {
			fileRef = "6814BEBE0C34AF371E419F59";
			isa = PBXBuildFile;
			settings = {
				ATTRIBUTES = (
					);
			};
		};
		7C7B73C814D0D28580CF4FCA = {
			isa = PBXFileReference;
			path = "/Users/dimas/CarshService/pictures/qpiclabel.cpp";
			name = "qpiclabel.cpp";
			sourceTree = "<absolute>";
			lastKnownFileType = "sourcecode.cpp.cpp";
		};
		365D49CD32A467253294D572 = {
			fileRef = "7C7B73C814D0D28580CF4FCA";
			isa = PBXBuildFile;
			settings = {
				ATTRIBUTES = (
					);
			};
		};
		D80621C5F1F00F5FC3FFFCCD = {
			isa = PBXFileReference;
			path = "/Users/dimas/CarshService/service_widgets/qcolorselectdlg.cpp";
			name = "qcolorselectdlg.cpp";
			sourceTree = "<absolute>";
			lastKnownFileType = "sourcecode.cpp.cpp";
		};
		732DB3921F68026B06B0C1B1 = {
			fileRef = "D80621C5F1F00F5FC3FFFCCD";
			isa = PBXBuildFile;
			settings = {
				ATTRIBUTES = (
					);
			};
		};
		A90E89980C70DF9DE321D339 = {
			isa = PBXFileReference;
			path = "/Users/dimas/CarshService/qcarshserviceapplication.cpp";
			name = "qcarshserviceapplication.cpp";
			sourceTree = "<absolute>";
			lastKnownFileType = "sourcecode.cpp.cpp";
		};
		FAC881387110A8E6DE0C6CAC = {
			fileRef = "A90E89980C70DF9DE321D339";
			isa = PBXBuildFile;
			settings = {
				ATTRIBUTES = (
					);
			};
		};
		003F46EC438906631E998FB1 = {
			isa = PBXFileReference;
			path = "/Users/dimas/CarshService/service_widgets/qyesnodlg.cpp";
			name = "qyesnodlg.cpp";
			sourceTree = "<absolute>";
			lastKnownFileType = "sourcecode.cpp.cpp";
		};
		2F819429DAA94FD4DA2DD951 = {
			fileRef = "003F46EC438906631E998FB1";
			isa = PBXBuildFile;
			settings = {
				ATTRIBUTES = (
					);
			};
		};
		616F0FAC6F355F0B6B7B43C9 = {
			isa = PBXFileReference;
			path = "/Users/dimas/CarshService/settings_widgets/qsettingslistwidget.cpp";
			name = "qsettingslistwidget.cpp";
			sourceTree = "<absolute>";
			lastKnownFileType = "sourcecode.cpp.cpp";
		};
		1F8D2E6B1DA15AB757B58EFD = {
			fileRef = "616F0FAC6F355F0B6B7B43C9";
			isa = PBXBuildFile;
			settings = {
				ATTRIBUTES = (
					);
			};
		};
		C86B2D9D450FB6BBAA9D65AB = {
			isa = PBXFileReference;
			path = "/Users/dimas/CarshService/tasks/qparkingtaskdialog.cpp";
			name = "qparkingtaskdialog.cpp";
			sourceTree = "<absolute>";
			lastKnownFileType = "sourcecode.cpp.cpp";
		};
		2A7C919E9FF2C071F443D2C0 = {
			fileRef = "C86B2D9D450FB6BBAA9D65AB";
			isa = PBXBuildFile;
			settings = {
				ATTRIBUTES = (
					);
			};
		};
		C04FB991315F0FBC4BC12256 = {
			isa = PBXFileReference;
			path = "/Users/dimas/CarshService/tasks/qpenaltyparkingdialog.cpp";
			name = "qpenaltyparkingdialog.cpp";
			sourceTree = "<absolute>";
			lastKnownFileType = "sourcecode.cpp.cpp";
		};
		E3A72603A8A82F70F1B2DF3F = {
			fileRef = "C04FB991315F0FBC4BC12256";
			isa = PBXBuildFile;
			settings = {
				ATTRIBUTES = (
					);
			};
		};
		B3967E9683A3B26CA39A7B5B = {
			isa = PBXFileReference;
			path = "/Users/dimas/CarshService/tasks/qplatetaskdialog.cpp";
			name = "qplatetaskdialog.cpp";
			sourceTree = "<absolute>";
			lastKnownFileType = "sourcecode.cpp.cpp";
		};
		C7C42FDE93585D3472300DAB = {
			fileRef = "B3967E9683A3B26CA39A7B5B";
			isa = PBXBuildFile;
			settings = {
				ATTRIBUTES = (
					);
			};
		};
		FFA63E6429E45EA6E42C90D1 = {
			isa = PBXFileReference;
			path = "/Users/dimas/CarshService/build/Qt_6_6_3_for_iOS_4f333c-Release/carshservice_plugin_import.cpp";
			name = "carshservice_plugin_import.cpp";
			sourceTree = "<absolute>";
			lastKnownFileType = "sourcecode.cpp.cpp";
		};
		1F6A2982CCE5D7A2F91368FC = {
			fileRef = "FFA63E6429E45EA6E42C90D1";
			isa = PBXBuildFile;
			settings = {
				ATTRIBUTES = (
					);
			};
		};
		33D9992C705ACA52D836921A = {
			isa = PBXFileReference;
			path = "/Users/dimas/CarshService/build/Qt_6_6_3_for_iOS_4f333c-Release/qrc_resources.cpp";
			name = "qrc_resources.cpp";
			sourceTree = "<absolute>";
			lastKnownFileType = "sourcecode.cpp.cpp";
		};
		A6712F5D425A157971592DE5 = {
			fileRef = "33D9992C705ACA52D836921A";
			isa = PBXBuildFile;
			settings = {
				ATTRIBUTES = (
					);
			};
		};
		42BFF53F9D5D5ECCBF843679 = {
			isa = PBXFileReference;
			path = "/Users/dimas/CarshService/build/Qt_6_6_3_for_iOS_4f333c-Release/moc_qcarshcarddlg.cpp";
			name = "moc_qcarshcarddlg.cpp";
			sourceTree = "<absolute>";
			lastKnownFileType = "sourcecode.cpp.cpp";
		};
		C602EF0CE523F3079156802E = {
			fileRef = "42BFF53F9D5D5ECCBF843679";
			isa = PBXBuildFile;
			settings = {
				ATTRIBUTES = (
					);
			};
		};
		AFC8F0F5D487074A8428DB59 = {
			isa = PBXFileReference;
			path = "/Users/dimas/CarshService/build/Qt_6_6_3_for_iOS_4f333c-Release/moc_qcarshserviceemploeecarddlg.cpp";
			name = "moc_qcarshserviceemploeecarddlg.cpp";
			sourceTree = "<absolute>";
			lastKnownFileType = "sourcecode.cpp.cpp";
		};
		0D71A533AA2C7AEDCB877F58 = {
			fileRef = "AFC8F0F5D487074A8428DB59";
			isa = PBXBuildFile;
			settings = {
				ATTRIBUTES = (
					);
			};
		};
		A96132788B33C8EDE97DF436 = {
			isa = PBXFileReference;
			path = "/Users/dimas/CarshService/build/Qt_6_6_3_for_iOS_4f333c-Release/moc_qcarshservicemaindlg.cpp";
			name = "moc_qcarshservicemaindlg.cpp";
			sourceTree = "<absolute>";
			lastKnownFileType = "sourcecode.cpp.cpp";
		};
		309D630453A0FDA189B90693 = {
			fileRef = "A96132788B33C8EDE97DF436";
			isa = PBXBuildFile;
			settings = {
				ATTRIBUTES = (
					);
			};
		};
		1A19F3C8BC5F061687A128EF = {
			isa = PBXFileReference;
			path = "/Users/dimas/CarshService/build/Qt_6_6_3_for_iOS_4f333c-Release/moc_qcarshserviceusersdlg.cpp";
			name = "moc_qcarshserviceusersdlg.cpp";
			sourceTree = "<absolute>";
			lastKnownFileType = "sourcecode.cpp.cpp";
		};
		2EABD0D5C98500841678A562 = {
			fileRef = "1A19F3C8BC5F061687A128EF";
			isa = PBXBuildFile;
			settings = {
				ATTRIBUTES = (
					);
			};
		};
		7835B4B1D1AC5BCFEEA29A60 = {
			isa = PBXFileReference;
			path = "/Users/dimas/CarshService/build/Qt_6_6_3_for_iOS_4f333c-Release/moc_QEmploeeTasksDlg.cpp";
			name = "moc_QEmploeeTasksDlg.cpp";
			sourceTree = "<absolute>";
			lastKnownFileType = "sourcecode.cpp.cpp";
		};
		3233D6CFAE1647C286438E26 = {
			fileRef = "7835B4B1D1AC5BCFEEA29A60";
			isa = PBXBuildFile;
			settings = {
				ATTRIBUTES = (
					);
			};
		};
		66ACF490816722FD7F7C8CD9 = {
			isa = PBXFileReference;
			path = "/Users/dimas/CarshService/build/Qt_6_6_3_for_iOS_4f333c-Release/moc_qemploeemaindlg.cpp";
			name = "moc_qemploeemaindlg.cpp";
			sourceTree = "<absolute>";
			lastKnownFileType = "sourcecode.cpp.cpp";
		};
		C41F24F9ED4CC525C106FD1C = {
			fileRef = "66ACF490816722FD7F7C8CD9";
			isa = PBXBuildFile;
			settings = {
				ATTRIBUTES = (
					);
			};
		};
		A3E7FCDAD570C7F937805649 = {
			isa = PBXFileReference;
			path = "/Users/dimas/CarshService/build/Qt_6_6_3_for_iOS_4f333c-Release/moc_qpictureswidget.cpp";
			name = "moc_qpictureswidget.cpp";
			sourceTree = "<absolute>";
			lastKnownFileType = "sourcecode.cpp.cpp";
		};
		B870143DBEC9E189AD513898 = {
			fileRef = "A3E7FCDAD570C7F937805649";
			isa = PBXBuildFile;
			settings = {
				ATTRIBUTES = (
					);
			};
		};
		D0BD437B88C32501DBFBE4F6 = {
			isa = PBXFileReference;
			path = "/Users/dimas/CarshService/build/Qt_6_6_3_for_iOS_4f333c-Release/moc_qsocketbd.cpp";
			name = "moc_qsocketbd.cpp";
			sourceTree = "<absolute>";
			lastKnownFileType = "sourcecode.cpp.cpp";
		};
		035C619855CC99EE3461B5FC = {
			fileRef = "D0BD437B88C32501DBFBE4F6";
			isa = PBXBuildFile;
			settings = {
				ATTRIBUTES = (
					);
			};
		};
		9655A2D379D48BF449A423E6 = {
			isa = PBXFileReference;
			path = "/Users/dimas/CarshService/build/Qt_6_6_3_for_iOS_4f333c-Release/moc_qsocketbdnetclient.cpp";
			name = "moc_qsocketbdnetclient.cpp";
			sourceTree = "<absolute>";
			lastKnownFileType = "sourcecode.cpp.cpp";
		};
		9C5319986064ADE670646B23 = {
			fileRef = "9655A2D379D48BF449A423E6";
			isa = PBXBuildFile;
			settings = {
				ATTRIBUTES = (
					);
			};
		};
		2468E00B93D1B8C8C573F979 = {
			isa = PBXFileReference;
			path = "/Users/dimas/CarshService/build/Qt_6_6_3_for_iOS_4f333c-Release/moc_qclicablelabel.cpp";
			name = "moc_qclicablelabel.cpp";
			sourceTree = "<absolute>";
			lastKnownFileType = "sourcecode.cpp.cpp";
		};
		CC8BAA509EE5B667F09BE7BD = {
			fileRef = "2468E00B93D1B8C8C573F979";
			isa = PBXBuildFile;
			settings = {
				ATTRIBUTES = (
					);
			};
		};
		0CA441D9BD8E050A511AE6E9 = {
			isa = PBXFileReference;
			path = "/Users/dimas/CarshService/build/Qt_6_6_3_for_iOS_4f333c-Release/moc_qcolumntext.cpp";
			name = "moc_qcolumntext.cpp";
			sourceTree = "<absolute>";
			lastKnownFileType = "sourcecode.cpp.cpp";
		};
		D9E497A0DD5FCEAAE6D5EFFC = {
			fileRef = "0CA441D9BD8E050A511AE6E9";
			isa = PBXBuildFile;
			settings = {
				ATTRIBUTES = (
					);
			};
		};
		8198CEFEA7FD606DBD9031F5 = {
			isa = PBXFileReference;
			path = "/Users/dimas/CarshService/build/Qt_6_6_3_for_iOS_4f333c-Release/moc_qcsbasedialog.cpp";
			name = "moc_qcsbasedialog.cpp";
			sourceTree = "<absolute>";
			lastKnownFileType = "sourcecode.cpp.cpp";
		};
		571E969A000066D1322CD299 = {
			fileRef = "8198CEFEA7FD606DBD9031F5";
			isa = PBXBuildFile;
			settings = {
				ATTRIBUTES = (
					);
			};
		};
		3927C5DD254236F20422A736 = {
			isa = PBXFileReference;
			path = "/Users/dimas/CarshService/build/Qt_6_6_3_for_iOS_4f333c-Release/moc_qcsbasedlgscrollwidget.cpp";
			name = "moc_qcsbasedlgscrollwidget.cpp";
			sourceTree = "<absolute>";
			lastKnownFileType = "sourcecode.cpp.cpp";
		};
		A24EAA585C4F4EDC7B4B183C = {
			fileRef = "3927C5DD254236F20422A736";
			isa = PBXBuildFile;
			settings = {
				ATTRIBUTES = (
					);
			};
		};
		88BBCA1AB47FC5B8C18B7C6A = {
			isa = PBXFileReference;
			path = "/Users/dimas/CarshService/build/Qt_6_6_3_for_iOS_4f333c-Release/moc_qcsbaselistitemdelegate.cpp";
			name = "moc_qcsbaselistitemdelegate.cpp";
			sourceTree = "<absolute>";
			lastKnownFileType = "sourcecode.cpp.cpp";
		};
		2D66012252176BA654926F55 = {
			fileRef = "88BBCA1AB47FC5B8C18B7C6A";
			isa = PBXBuildFile;
			settings = {
				ATTRIBUTES = (
					);
			};
		};
		5A6560E2DC9BAA7B00CFEEC7 = {
			isa = PBXFileReference;
			path = "/Users/dimas/CarshService/build/Qt_6_6_3_for_iOS_4f333c-Release/moc_qcsbaselistwidget.cpp";
			name = "moc_qcsbaselistwidget.cpp";
			sourceTree = "<absolute>";
			lastKnownFileType = "sourcecode.cpp.cpp";
		};
		E9F721E1C7C2C8D273EAFE88 = {
			fileRef = "5A6560E2DC9BAA7B00CFEEC7";
			isa = PBXBuildFile;
			settings = {
				ATTRIBUTES = (
					);
			};
		};
		A3906A84529482C52CF0C09E = {
			isa = PBXFileReference;
			path = "/Users/dimas/CarshService/build/Qt_6_6_3_for_iOS_4f333c-Release/moc_qcsmultiselectdlg.cpp";
			name = "moc_qcsmultiselectdlg.cpp";
			sourceTree = "<absolute>";
			lastKnownFileType = "sourcecode.cpp.cpp";
		};
		981EED43BC467193CB86881B = {
			fileRef = "A3906A84529482C52CF0C09E";
			isa = PBXBuildFile;
			settings = {
				ATTRIBUTES = (
					);
			};
		};
		1D664D0F534016A5496D5B30 = {
			isa = PBXFileReference;
			path = "/Users/dimas/CarshService/build/Qt_6_6_3_for_iOS_4f333c-Release/moc_qcspaybasedialog.cpp";
			name = "moc_qcspaybasedialog.cpp";
			sourceTree = "<absolute>";
			lastKnownFileType = "sourcecode.cpp.cpp";
		};
		2197A6A0F6F56BC3F55C86EB = {
			fileRef = "1D664D0F534016A5496D5B30";
			isa = PBXBuildFile;
			settings = {
				ATTRIBUTES = (
					);
			};
		};
		D419E6B127401A09FC3BA2BC = {
			isa = PBXFileReference;
			path = "/Users/dimas/CarshService/build/Qt_6_6_3_for_iOS_4f333c-Release/moc_qcsselectdialog.cpp";
			name = "moc_qcsselectdialog.cpp";
			sourceTree = "<absolute>";
			lastKnownFileType = "sourcecode.cpp.cpp";
		};
		63C25614B8F554E15EE2C89F = {
			fileRef = "D419E6B127401A09FC3BA2BC";
			isa = PBXBuildFile;
			settings = {
				ATTRIBUTES = (
					);
			};
		};
		E2AF35C17A2068FB3884F738 = {
			isa = PBXFileReference;
			path = "/Users/dimas/CarshService/build/Qt_6_6_3_for_iOS_4f333c-Release/moc_qcsselectdlgbuttonswidget.cpp";
			name = "moc_qcsselectdlgbuttonswidget.cpp";
			sourceTree = "<absolute>";
			lastKnownFileType = "sourcecode.cpp.cpp";
		};
		C11572F473301FA50E7A3F4E = {
			fileRef = "E2AF35C17A2068FB3884F738";
			isa = PBXBuildFile;
			settings = {
				ATTRIBUTES = (
					);
			};
		};
		87D535BDD7981384A4B28C9A = {
			isa = PBXFileReference;
			path = "/Users/dimas/CarshService/build/Qt_6_6_3_for_iOS_4f333c-Release/moc_qlinetext.cpp";
			name = "moc_qlinetext.cpp";
			sourceTree = "<absolute>";
			lastKnownFileType = "sourcecode.cpp.cpp";
		};
		A16DD48231E8EED71B7CE818 = {
			fileRef = "87D535BDD7981384A4B28C9A";
			isa = PBXBuildFile;
			settings = {
				ATTRIBUTES = (
					);
			};
		};
		410A28228039298D377C2E91 = {
			isa = PBXFileReference;
			path = "/Users/dimas/CarshService/build/Qt_6_6_3_for_iOS_4f333c-Release/moc_qloaddoclinewidget.cpp";
			name = "moc_qloaddoclinewidget.cpp";
			sourceTree = "<absolute>";
			lastKnownFileType = "sourcecode.cpp.cpp";
		};
		CEFC65990E5CB74C82674B48 = {
			fileRef = "410A28228039298D377C2E91";
			isa = PBXBuildFile;
			settings = {
				ATTRIBUTES = (
					);
			};
		};
		FCC3CF82661B52E825E5EB5A = {
			isa = PBXFileReference;
			path = "/Users/dimas/CarshService/build/Qt_6_6_3_for_iOS_4f333c-Release/moc_qregisterdlg.cpp";
			name = "moc_qregisterdlg.cpp";
			sourceTree = "<absolute>";
			lastKnownFileType = "sourcecode.cpp.cpp";
		};
		A820396BDB2505BD6FA4B422 = {
			fileRef = "FCC3CF82661B52E825E5EB5A";
			isa = PBXBuildFile;
			settings = {
				ATTRIBUTES = (
					);
			};
		};
		F06A3A27E0A7B483BE840944 = {
			isa = PBXFileReference;
			path = "/Users/dimas/CarshService/build/Qt_6_6_3_for_iOS_4f333c-Release/moc_qregisteremploeedlg.cpp";
			name = "moc_qregisteremploeedlg.cpp";
			sourceTree = "<absolute>";
			lastKnownFileType = "sourcecode.cpp.cpp";
		};
		694EC77657BD362D1C5EE165 = {
			fileRef = "F06A3A27E0A7B483BE840944";
			isa = PBXBuildFile;
			settings = {
				ATTRIBUTES = (
					);
			};
		};
		B7B786A5C296207EDC67E145 = {
			isa = PBXFileReference;
			path = "/Users/dimas/CarshService/build/Qt_6_6_3_for_iOS_4f333c-Release/moc_qregisterpartnerPlatedlg.cpp";
			name = "moc_qregisterpartnerPlatedlg.cpp";
			sourceTree = "<absolute>";
			lastKnownFileType = "sourcecode.cpp.cpp";
		};
		57E51B215CA3BE315D97B2A8 = {
			fileRef = "B7B786A5C296207EDC67E145";
			isa = PBXBuildFile;
			settings = {
				ATTRIBUTES = (
					);
			};
		};
		88DB9E71BC130A2DD3794D31 = {
			isa = PBXFileReference;
			path = "/Users/dimas/CarshService/build/Qt_6_6_3_for_iOS_4f333c-Release/moc_qcalendardataselectdlg.cpp";
			name = "moc_qcalendardataselectdlg.cpp";
			sourceTree = "<absolute>";
			lastKnownFileType = "sourcecode.cpp.cpp";
		};
		5DD4DA83E038A0B650ED10DB = {
			fileRef = "88DB9E71BC130A2DD3794D31";
			isa = PBXBuildFile;
			settings = {
				ATTRIBUTES = (
					);
			};
		};
		C2E222A0D1E9200D024402F8 = {
			isa = PBXFileReference;
			path = "/Users/dimas/CarshService/build/Qt_6_6_3_for_iOS_4f333c-Release/moc_qloaddocsdlg.cpp";
			name = "moc_qloaddocsdlg.cpp";
			sourceTree = "<absolute>";
			lastKnownFileType = "sourcecode.cpp.cpp";
		};
		29A3B3D73E173CD8294C667D = {
			fileRef = "C2E222A0D1E9200D024402F8";
			isa = PBXBuildFile;
			settings = {
				ATTRIBUTES = (
					);
			};
		};
		43282405259DFA38D58FA0EA = {
			isa = PBXFileReference;
			path = "/Users/dimas/CarshService/build/Qt_6_6_3_for_iOS_4f333c-Release/moc_qnotecalendarwidget.cpp";
			name = "moc_qnotecalendarwidget.cpp";
			sourceTree = "<absolute>";
			lastKnownFileType = "sourcecode.cpp.cpp";
		};
		315F7B124334D3862408AB77 = {
			fileRef = "43282405259DFA38D58FA0EA";
			isa = PBXBuildFile;
			settings = {
				ATTRIBUTES = (
					);
			};
		};
		6CDDE3BD6267D390013789E6 = {
			isa = PBXFileReference;
			path = "/Users/dimas/CarshService/build/Qt_6_6_3_for_iOS_4f333c-Release/moc_qsettingsdlg.cpp";
			name = "moc_qsettingsdlg.cpp";
			sourceTree = "<absolute>";
			lastKnownFileType = "sourcecode.cpp.cpp";
		};
		9985F83988053C48BEF8DB3B = {
			fileRef = "6CDDE3BD6267D390013789E6";
			isa = PBXBuildFile;
			settings = {
				ATTRIBUTES = (
					);
			};
		};
		1ED9C7530292CAF568365608 = {
			isa = PBXFileReference;
			path = "/Users/dimas/CarshService/build/Qt_6_6_3_for_iOS_4f333c-Release/moc_qselprovidercarshwidget.cpp";
			name = "moc_qselprovidercarshwidget.cpp";
			sourceTree = "<absolute>";
			lastKnownFileType = "sourcecode.cpp.cpp";
		};
		A8C1D644C7BAEA553E7319CB = {
			fileRef = "1ED9C7530292CAF568365608";
			isa = PBXBuildFile;
			settings = {
				ATTRIBUTES = (
					);
			};
		};
		D6CC27B2F0F999E5AF542651 = {
			isa = PBXFileReference;
			path = "/Users/dimas/CarshService/build/Qt_6_6_3_for_iOS_4f333c-Release/moc_qtimeselectdlg.cpp";
			name = "moc_qtimeselectdlg.cpp";
			sourceTree = "<absolute>";
			lastKnownFileType = "sourcecode.cpp.cpp";
		};
		F09C23BD1D4F85B07188AAAD = {
			fileRef = "D6CC27B2F0F999E5AF542651";
			isa = PBXBuildFile;
			settings = {
				ATTRIBUTES = (
					);
			};
		};
		AF114EF3A333B207B32E2C7F = {
			isa = PBXFileReference;
			path = "/Users/dimas/CarshService/build/Qt_6_6_3_for_iOS_4f333c-Release/moc_qcarshservicebasewidget.cpp";
			name = "moc_qcarshservicebasewidget.cpp";
			sourceTree = "<absolute>";
			lastKnownFileType = "sourcecode.cpp.cpp";
		};
		4C2528697DB88709A0E99CC9 = {
			fileRef = "AF114EF3A333B207B32E2C7F";
			isa = PBXBuildFile;
			settings = {
				ATTRIBUTES = (
					);
			};
		};
		B1085D62100DB7C16861F066 = {
			isa = PBXFileReference;
			path = "/Users/dimas/CarshService/build/Qt_6_6_3_for_iOS_4f333c-Release/moc_imagepickerandroid.cpp";
			name = "moc_imagepickerandroid.cpp";
			sourceTree = "<absolute>";
			lastKnownFileType = "sourcecode.cpp.cpp";
		};
		912FBF431E58590BB7CBC1E8 = {
			fileRef = "B1085D62100DB7C16861F066";
			isa = PBXBuildFile;
			settings = {
				ATTRIBUTES = (
					);
			};
		};
		403B8091E4FCC38FE2D28EA7 = {
			isa = PBXFileReference;
			path = "/Users/dimas/CarshService/build/Qt_6_6_3_for_iOS_4f333c-Release/moc_imagewidget.cpp";
			name = "moc_imagewidget.cpp";
			sourceTree = "<absolute>";
			lastKnownFileType = "sourcecode.cpp.cpp";
		};
		F46B5AABA5B3556E773800BA = {
			fileRef = "403B8091E4FCC38FE2D28EA7";
			isa = PBXBuildFile;
			settings = {
				ATTRIBUTES = (
					);
			};
		};
		A76E786E9DA4A7DB73B30169 = {
			isa = PBXFileReference;
			path = "/Users/dimas/CarshService/build/Qt_6_6_3_for_iOS_4f333c-Release/moc_qfullscreenpicdialog.cpp";
			name = "moc_qfullscreenpicdialog.cpp";
			sourceTree = "<absolute>";
			lastKnownFileType = "sourcecode.cpp.cpp";
		};
		687BEA64269AD6A3D01708B9 = {
			fileRef = "A76E786E9DA4A7DB73B30169";
			isa = PBXBuildFile;
			settings = {
				ATTRIBUTES = (
					);
			};
		};
		3318B60C12F63247DBB5B55B = {
			isa = PBXFileReference;
			path = "/Users/dimas/CarshService/build/Qt_6_6_3_for_iOS_4f333c-Release/moc_qpiclabel.cpp";
			name = "moc_qpiclabel.cpp";
			sourceTree = "<absolute>";
			lastKnownFileType = "sourcecode.cpp.cpp";
		};
		178ED52F7F5B846DC1D7D9EC = {
			fileRef = "3318B60C12F63247DBB5B55B";
			isa = PBXBuildFile;
			settings = {
				ATTRIBUTES = (
					);
			};
		};
		B09CC7CD7E9C92D905E56ADE = {
			isa = PBXFileReference;
			path = "/Users/dimas/CarshService/build/Qt_6_6_3_for_iOS_4f333c-Release/moc_qcolorselectdlg.cpp";
			name = "moc_qcolorselectdlg.cpp";
			sourceTree = "<absolute>";
			lastKnownFileType = "sourcecode.cpp.cpp";
		};
		064D5B123B0FF9DA583FBD32 = {
			fileRef = "B09CC7CD7E9C92D905E56ADE";
			isa = PBXBuildFile;
			settings = {
				ATTRIBUTES = (
					);
			};
		};
		21527D157F43C858F08FA03F = {
			isa = PBXFileReference;
			path = "/Users/dimas/CarshService/build/Qt_6_6_3_for_iOS_4f333c-Release/moc_qcarshserviceapplication.cpp";
			name = "moc_qcarshserviceapplication.cpp";
			sourceTree = "<absolute>";
			lastKnownFileType = "sourcecode.cpp.cpp";
		};
		DE5B241B37C1D7A7972A97F1 = {
			fileRef = "21527D157F43C858F08FA03F";
			isa = PBXBuildFile;
			settings = {
				ATTRIBUTES = (
					);
			};
		};
		48A38C91EC9890BF87329022 = {
			isa = PBXFileReference;
			path = "/Users/dimas/CarshService/build/Qt_6_6_3_for_iOS_4f333c-Release/moc_qyesnodlg.cpp";
			name = "moc_qyesnodlg.cpp";
			sourceTree = "<absolute>";
			lastKnownFileType = "sourcecode.cpp.cpp";
		};
		15AF6C5BF8443D3FA38673F2 = {
			fileRef = "48A38C91EC9890BF87329022";
			isa = PBXBuildFile;
			settings = {
				ATTRIBUTES = (
					);
			};
		};
		E6DC6EFC8C21888FFCA45554 = {
			isa = PBXFileReference;
			path = "/Users/dimas/CarshService/build/Qt_6_6_3_for_iOS_4f333c-Release/moc_qsettingslistwidget.cpp";
			name = "moc_qsettingslistwidget.cpp";
			sourceTree = "<absolute>";
			lastKnownFileType = "sourcecode.cpp.cpp";
		};
		E5711DF633B06D469EDF2DFB = {
			fileRef = "E6DC6EFC8C21888FFCA45554";
			isa = PBXBuildFile;
			settings = {
				ATTRIBUTES = (
					);
			};
		};
		67EE6B20712505302A1F0C80 = {
			isa = PBXFileReference;
			path = "/Users/dimas/CarshService/build/Qt_6_6_3_for_iOS_4f333c-Release/moc_qparkingtaskdialog.cpp";
			name = "moc_qparkingtaskdialog.cpp";
			sourceTree = "<absolute>";
			lastKnownFileType = "sourcecode.cpp.cpp";
		};
		68084DAAFA058AF74A73F49B = {
			fileRef = "67EE6B20712505302A1F0C80";
			isa = PBXBuildFile;
			settings = {
				ATTRIBUTES = (
					);
			};
		};
		7112804B65A92924C8D80912 = {
			isa = PBXFileReference;
			path = "/Users/dimas/CarshService/build/Qt_6_6_3_for_iOS_4f333c-Release/moc_qpenaltyparkingdialog.cpp";
			name = "moc_qpenaltyparkingdialog.cpp";
			sourceTree = "<absolute>";
			lastKnownFileType = "sourcecode.cpp.cpp";
		};
		40B97408D89ABAD8AC3D874B = {
			fileRef = "7112804B65A92924C8D80912";
			isa = PBXBuildFile;
			settings = {
				ATTRIBUTES = (
					);
			};
		};
		DB87D0D77B52C39593218791 = {
			isa = PBXFileReference;
			path = "/Users/dimas/CarshService/build/Qt_6_6_3_for_iOS_4f333c-Release/moc_qplatetaskdialog.cpp";
			name = "moc_qplatetaskdialog.cpp";
			sourceTree = "<absolute>";
			lastKnownFileType = "sourcecode.cpp.cpp";
		};
		6AC0E977E22182A9B65893D7 = {
			fileRef = "DB87D0D77B52C39593218791";
			isa = PBXBuildFile;
			settings = {
				ATTRIBUTES = (
					);
			};
		};
		F116507F1EB72DD053AA4A19 = {
			isa = PBXFileReference;
			path = "/Users/dimas/CarshService/BDPatterns.h";
			name = "BDPatterns.h";
			sourceTree = "<absolute>";
			lastKnownFileType = "sourcecode.c.h";
		};
		A36467EAC9E5BA6E05826994 = {
			isa = PBXFileReference;
			path = "/Users/dimas/CarshService/carsh_service_widgets/qcarshcarddlg.h";
			name = "qcarshcarddlg.h";
			sourceTree = "<absolute>";
			lastKnownFileType = "sourcecode.c.h";
		};
		67922D47B18A7770E52D1FC6 = {
			isa = PBXFileReference;
			path = "/Users/dimas/CarshService/carsh_service_widgets/qcarshserviceemploeecarddlg.h";
			name = "qcarshserviceemploeecarddlg.h";
			sourceTree = "<absolute>";
			lastKnownFileType = "sourcecode.c.h";
		};
		BF763EEB7BB52FB7171FB9CC = {
			isa = PBXFileReference;
			path = "/Users/dimas/CarshService/carsh_service_widgets/qcarshservicemaindlg.h";
			name = "qcarshservicemaindlg.h";
			sourceTree = "<absolute>";
			lastKnownFileType = "sourcecode.c.h";
		};
		ECE014CE709266E63177F921 = {
			isa = PBXFileReference;
			path = "/Users/dimas/CarshService/carsh_service_widgets/qcarshserviceusersdlg.h";
			name = "qcarshserviceusersdlg.h";
			sourceTree = "<absolute>";
			lastKnownFileType = "sourcecode.c.h";
		};
		5DC698F21F5D10CB790AB4FE = {
			isa = PBXFileReference;
			path = "/Users/dimas/CarshService/common.h";
			name = "common.h";
			sourceTree = "<absolute>";
			lastKnownFileType = "sourcecode.c.h";
		};
		C260DA58E40F2043DA7B5D3D = {
			isa = PBXFileReference;
			path = "/Users/dimas/CarshService/emploee_widgets/QEmploeeTasksDlg.h";
			name = "QEmploeeTasksDlg.h";
			sourceTree = "<absolute>";
			lastKnownFileType = "sourcecode.c.h";
		};
		59986431B7ACE607A3139C29 = {
			isa = PBXFileReference;
			path = "/Users/dimas/CarshService/emploee_widgets/qemploeemaindlg.h";
			name = "qemploeemaindlg.h";
			sourceTree = "<absolute>";
			lastKnownFileType = "sourcecode.c.h";
		};
		CA996E2CE0A2EE7D8B485A59 = {
			isa = PBXFileReference;
			path = "/Users/dimas/CarshService/native.h";
			name = "native.h";
			sourceTree = "<absolute>";
			lastKnownFileType = "sourcecode.c.h";
		};
		26C38C636E821F6BA6601573 = {
			isa = PBXFileReference;
			path = "/Users/dimas/CarshService/pictures/qpictureswidget.h";
			name = "qpictureswidget.h";
			sourceTree = "<absolute>";
			lastKnownFileType = "sourcecode.c.h";
		};
		0F976E85D91BC37BF534254A = {
			isa = PBXFileReference;
			path = "/Users/dimas/CarshService/qsocketbd.h";
			name = "qsocketbd.h";
			sourceTree = "<absolute>";
			lastKnownFileType = "sourcecode.c.h";
		};
		A0D8325D56F10343628EC2BF = {
			isa = PBXFileReference;
			path = "/Users/dimas/CarshService/qsocketbdnetclient.h";
			name = "qsocketbdnetclient.h";
			sourceTree = "<absolute>";
			lastKnownFileType = "sourcecode.c.h";
		};
		A848C788858B0B19D381039A = {
			isa = PBXFileReference;
			path = "/Users/dimas/CarshService/service_widgets/qclicablelabel.h";
			name = "qclicablelabel.h";
			sourceTree = "<absolute>";
			lastKnownFileType = "sourcecode.c.h";
		};
		0B1CA6B51274544EDEAF1771 = {
			isa = PBXFileReference;
			path = "/Users/dimas/CarshService/service_widgets/qcolumntext.h";
			name = "qcolumntext.h";
			sourceTree = "<absolute>";
			lastKnownFileType = "sourcecode.c.h";
		};
		19EDF0319F15D1DE8815D8D0 = {
			isa = PBXFileReference;
			path = "/Users/dimas/CarshService/service_widgets/qcsbasedialog.h";
			name = "qcsbasedialog.h";
			sourceTree = "<absolute>";
			lastKnownFileType = "sourcecode.c.h";
		};
		F220627648A13C40E9EB92FE = {
			isa = PBXFileReference;
			path = "/Users/dimas/CarshService/service_widgets/qcsbasedlgscrollwidget.h";
			name = "qcsbasedlgscrollwidget.h";
			sourceTree = "<absolute>";
			lastKnownFileType = "sourcecode.c.h";
		};
		2DD44349AE29407275FD58A3 = {
			isa = PBXFileReference;
			path = "/Users/dimas/CarshService/service_widgets/qcsbaselistitemdelegate.h";
			name = "qcsbaselistitemdelegate.h";
			sourceTree = "<absolute>";
			lastKnownFileType = "sourcecode.c.h";
		};
		D5A9E64E56A9B810569B182B = {
			isa = PBXFileReference;
			path = "/Users/dimas/CarshService/service_widgets/qcsbaselistwidget.h";
			name = "qcsbaselistwidget.h";
			sourceTree = "<absolute>";
			lastKnownFileType = "sourcecode.c.h";
		};
		E8A1BCEA770440CA54DE7F60 = {
			isa = PBXFileReference;
			path = "/Users/dimas/CarshService/service_widgets/qcsmultiselectdlg.h";
			name = "qcsmultiselectdlg.h";
			sourceTree = "<absolute>";
			lastKnownFileType = "sourcecode.c.h";
		};
		E09C31B888F76113BA3F811C = {
			isa = PBXFileReference;
			path = "/Users/dimas/CarshService/service_widgets/qcspaybasedialog.h";
			name = "qcspaybasedialog.h";
			sourceTree = "<absolute>";
			lastKnownFileType = "sourcecode.c.h";
		};
		45405ADF2A8B6FC4150723E6 = {
			isa = PBXFileReference;
			path = "/Users/dimas/CarshService/service_widgets/qcsselectdialog.h";
			name = "qcsselectdialog.h";
			sourceTree = "<absolute>";
			lastKnownFileType = "sourcecode.c.h";
		};
		C0B5981DE02706919F4FC5ED = {
			isa = PBXFileReference;
			path = "/Users/dimas/CarshService/service_widgets/qcsselectdlgbuttonswidget.h";
			name = "qcsselectdlgbuttonswidget.h";
			sourceTree = "<absolute>";
			lastKnownFileType = "sourcecode.c.h";
		};
		D703538BAB3AB43EA82A93F8 = {
			isa = PBXFileReference;
			path = "/Users/dimas/CarshService/service_widgets/qlinetext.h";
			name = "qlinetext.h";
			sourceTree = "<absolute>";
			lastKnownFileType = "sourcecode.c.h";
		};
		2AF04C4BE7D6A83400AD26B9 = {
			isa = PBXFileReference;
			path = "/Users/dimas/CarshService/service_widgets/qloaddoclinewidget.h";
			name = "qloaddoclinewidget.h";
			sourceTree = "<absolute>";
			lastKnownFileType = "sourcecode.c.h";
		};
		1923CF8EFD6F6280AAB44DDC = {
			isa = PBXFileReference;
			path = "/Users/dimas/CarshService/qregisterdlg.h";
			name = "qregisterdlg.h";
			sourceTree = "<absolute>";
			lastKnownFileType = "sourcecode.c.h";
		};
		F894DB60998AB9AF939DDE0B = {
			isa = PBXFileReference;
			path = "/Users/dimas/CarshService/qregisteremploeedlg.h";
			name = "qregisteremploeedlg.h";
			sourceTree = "<absolute>";
			lastKnownFileType = "sourcecode.c.h";
		};
		269BA8366078EFC961D915BF = {
			isa = PBXFileReference;
			path = "/Users/dimas/CarshService/qregisterpartnerPlatedlg.h";
			name = "qregisterpartnerPlatedlg.h";
			sourceTree = "<absolute>";
			lastKnownFileType = "sourcecode.c.h";
		};
		D9B13E882764C5DEB92BA199 = {
			isa = PBXFileReference;
			path = "/Users/dimas/CarshService/service_widgets/qcalendardataselectdlg.h";
			name = "qcalendardataselectdlg.h";
			sourceTree = "<absolute>";
			lastKnownFileType = "sourcecode.c.h";
		};
		5772A4CA6421BD539F495516 = {
			isa = PBXFileReference;
			path = "/Users/dimas/CarshService/service_widgets/qloaddocsdlg.h";
			name = "qloaddocsdlg.h";
			sourceTree = "<absolute>";
			lastKnownFileType = "sourcecode.c.h";
		};
		C5305F919B8ACA1392407456 = {
			isa = PBXFileReference;
			path = "/Users/dimas/CarshService/service_widgets/qnotecalendarwidget.h";
			name = "qnotecalendarwidget.h";
			sourceTree = "<absolute>";
			lastKnownFileType = "sourcecode.c.h";
		};
		10CA17007F412DA6EDF26F8A = {
			isa = PBXFileReference;
			path = "/Users/dimas/CarshService/qsettingsdlg.h";
			name = "qsettingsdlg.h";
			sourceTree = "<absolute>";
			lastKnownFileType = "sourcecode.c.h";
		};
		B09AB6C4795F534F2168B536 = {
			isa = PBXFileReference;
			path = "/Users/dimas/CarshService/service_widgets/qselprovidercarshwidget.h";
			name = "qselprovidercarshwidget.h";
			sourceTree = "<absolute>";
			lastKnownFileType = "sourcecode.c.h";
		};
		33DD88CCD403B7E52EF70647 = {
			isa = PBXFileReference;
			path = "/Users/dimas/CarshService/service_widgets/qtimeselectdlg.h";
			name = "qtimeselectdlg.h";
			sourceTree = "<absolute>";
			lastKnownFileType = "sourcecode.c.h";
		};
		615E9E8601C59DDB27DBFF7C = {
			isa = PBXFileReference;
			path = "/Users/dimas/CarshService/qcarshservicebasewidget.h";
			name = "qcarshservicebasewidget.h";
			sourceTree = "<absolute>";
			lastKnownFileType = "sourcecode.c.h";
		};
		E0704DD8E9807EA4F5A235AC = {
			isa = PBXFileReference;
			path = "/Users/dimas/CarshService/pictures/imagepickerandroid.h";
			name = "imagepickerandroid.h";
			sourceTree = "<absolute>";
			lastKnownFileType = "sourcecode.c.h";
		};
		39290ACF98D533755C5AD9FC = {
			isa = PBXFileReference;
			path = "/Users/dimas/CarshService/pictures/imagewidget.h";
			name = "imagewidget.h";
			sourceTree = "<absolute>";
			lastKnownFileType = "sourcecode.c.h";
		};
		05F39CE99B5F84B115D64A5C = {
			isa = PBXFileReference;
			path = "/Users/dimas/CarshService/pictures/qfullscreenpicdialog.h";
			name = "qfullscreenpicdialog.h";
			sourceTree = "<absolute>";
			lastKnownFileType = "sourcecode.c.h";
		};
		7AE7382034347034607FE37E = {
			isa = PBXFileReference;
			path = "/Users/dimas/CarshService/pictures/qpiclabel.h";
			name = "qpiclabel.h";
			sourceTree = "<absolute>";
			lastKnownFileType = "sourcecode.c.h";
		};
		101C0F645978A9FA8E8FF574 = {
			isa = PBXFileReference;
			path = "/Users/dimas/CarshService/service_widgets/qcolorselectdlg.h";
			name = "qcolorselectdlg.h";
			sourceTree = "<absolute>";
			lastKnownFileType = "sourcecode.c.h";
		};
		7C0FD2ED475E3CC461F891EA = {
			isa = PBXFileReference;
			path = "/Users/dimas/CarshService/qcarshserviceapplication.h";
			name = "qcarshserviceapplication.h";
			sourceTree = "<absolute>";
			lastKnownFileType = "sourcecode.c.h";
		};
		FECC721659E7D237F2871DDF = {
			isa = PBXFileReference;
			path = "/Users/dimas/CarshService/service_widgets/qyesnodlg.h";
			name = "qyesnodlg.h";
			sourceTree = "<absolute>";
			lastKnownFileType = "sourcecode.c.h";
		};
		DC09AAF212173E1767884419 = {
			isa = PBXFileReference;
			path = "/Users/dimas/CarshService/settings_widgets/qsettingslistwidget.h";
			name = "qsettingslistwidget.h";
			sourceTree = "<absolute>";
			lastKnownFileType = "sourcecode.c.h";
		};
		453ED5F79FB67C3622E00B10 = {
			isa = PBXFileReference;
			path = "/Users/dimas/CarshService/tasks/qparkingtaskdialog.h";
			name = "qparkingtaskdialog.h";
			sourceTree = "<absolute>";
			lastKnownFileType = "sourcecode.c.h";
		};
		8A7A530B213BBAE004CA1145 = {
			isa = PBXFileReference;
			path = "/Users/dimas/CarshService/tasks/qpenaltyparkingdialog.h";
			name = "qpenaltyparkingdialog.h";
			sourceTree = "<absolute>";
			lastKnownFileType = "sourcecode.c.h";
		};
		41B471B7D3B6F2A2AB3ED960 = {
			isa = PBXFileReference;
			path = "/Users/dimas/CarshService/tasks/qplatetaskdialog.h";
			name = "qplatetaskdialog.h";
			sourceTree = "<absolute>";
			lastKnownFileType = "sourcecode.c.h";
		};
		B063C05789A35C74F9268F37 = {
			isa = PBXFileReference;
			path = "/Users/dimas/CarshService/resources.qrc";
			name = "resources.qrc";
			sourceTree = "<absolute>";
			lastKnownFileType = "text";
		};
		C6B31B6F270147FFFCCFD7C1 = {
			fileRef = "B063C05789A35C74F9268F37";
			isa = PBXBuildFile;
			settings = {
				ATTRIBUTES = (
					);
			};
		};
		8873EB47051BD1CDE95A352F = {
			isa = PBXFileReference;
			path = "/Users/dimas/CarshService/build/Qt_6_6_3_for_iOS_4f333c-Release/CarshService.pro";
			name = "CarshService.pro";
			sourceTree = "<absolute>";
			lastKnownFileType = "text";
		};
		86A5F7C3924E4C776D48876B = {
			isa = PBXFileReference;
			path = "/Users/dimas/CarshService/build/Qt_6_6_3_for_iOS_4f333c-Release/.qmake.stash";
			name = ".qmake.stash";
			sourceTree = "<absolute>";
		};
		937F5868C34A13B69B4CD484 = {
			isa = PBXFileReference;
			path = "/Users/dimas/CarshService/CarshService.pro";
			name = "CarshService.pro";
			sourceTree = "<absolute>";
			lastKnownFileType = "text";
		};
		25B08E2869634E9BCBA333A2 = {
			isa = PBXGroup;
			children = (
				"C5C31264768DCC05446CDDCF");
			name = "Generated Sources";
			sourceTree = "<group>";
		};
		C5C31264768DCC05446CDDCF = {
			isa = PBXGroup;
			children = (
				"6ADB3B38F30B546E958937B2");
			name = "build";
			sourceTree = "<group>";
		};
		6ADB3B38F30B546E958937B2 = {
			isa = PBXGroup;
			children = (
				"FFA63E6429E45EA6E42C90D1",
				"33D9992C705ACA52D836921A",
				"42BFF53F9D5D5ECCBF843679",
				"AFC8F0F5D487074A8428DB59",
				"A96132788B33C8EDE97DF436",
				"1A19F3C8BC5F061687A128EF",
				"7835B4B1D1AC5BCFEEA29A60",
				"66ACF490816722FD7F7C8CD9",
				"A3E7FCDAD570C7F937805649",
				"D0BD437B88C32501DBFBE4F6",
				"9655A2D379D48BF449A423E6",
				"2468E00B93D1B8C8C573F979",
				"0CA441D9BD8E050A511AE6E9",
				"8198CEFEA7FD606DBD9031F5",
				"3927C5DD254236F20422A736",
				"88BBCA1AB47FC5B8C18B7C6A",
				"5A6560E2DC9BAA7B00CFEEC7",
				"A3906A84529482C52CF0C09E",
				"1D664D0F534016A5496D5B30",
				"D419E6B127401A09FC3BA2BC",
				"E2AF35C17A2068FB3884F738",
				"87D535BDD7981384A4B28C9A",
				"410A28228039298D377C2E91",
				"FCC3CF82661B52E825E5EB5A",
				"F06A3A27E0A7B483BE840944",
				"B7B786A5C296207EDC67E145",
				"88DB9E71BC130A2DD3794D31",
				"C2E222A0D1E9200D024402F8",
				"43282405259DFA38D58FA0EA",
				"6CDDE3BD6267D390013789E6",
				"1ED9C7530292CAF568365608",
				"D6CC27B2F0F999E5AF542651",
				"AF114EF3A333B207B32E2C7F",
				"B1085D62100DB7C16861F066",
				"403B8091E4FCC38FE2D28EA7",
				"A76E786E9DA4A7DB73B30169",
				"3318B60C12F63247DBB5B55B",
				"B09CC7CD7E9C92D905E56ADE",
				"21527D157F43C858F08FA03F",
				"48A38C91EC9890BF87329022",
				"E6DC6EFC8C21888FFCA45554",
				"67EE6B20712505302A1F0C80",
				"7112804B65A92924C8D80912",
				"DB87D0D77B52C39593218791");
			name = "Qt_6_6_3_for_iOS_4f333c-Release";
			sourceTree = "<group>";
		};
		2B3F2A9BDC4158CDFAA41511 = {
			isa = PBXGroup;
			children = (
				"CA0F1456ADCA1BB8C71F62A4",
				"CBB5B051600922984B94DB0B",
				"683DD28F65690C8E11EBC8A2",
				"EBB1726EDE580F690314304B",
				"A36467EAC9E5BA6E05826994",
				"67922D47B18A7770E52D1FC6",
				"BF763EEB7BB52FB7171FB9CC",
				"ECE014CE709266E63177F921");
			name = "carsh_service_widgets";
			sourceTree = "<group>";
		};
		BC5E8D4E851F99E51EDEB11E = {
			isa = PBXGroup;
			children = (
				"576AED4E711FAC7CC1405801",
				"70009156CC2B297B71FBA9DB",
				"C260DA58E40F2043DA7B5D3D",
				"59986431B7ACE607A3139C29");
			name = "emploee_widgets";
			sourceTree = "<group>";
		};
		2AEFCBFDC749428E00421979 = {
			isa = PBXGroup;
			children = (
				"C52F51CE03FBF6313096E46D",
				"7DCC58FD243B00B02138E3D5",
				"33225A8AD36C95DD8B5D519E",
				"6814BEBE0C34AF371E419F59",
				"7C7B73C814D0D28580CF4FCA",
				"26C38C636E821F6BA6601573",
				"E0704DD8E9807EA4F5A235AC",
				"39290ACF98D533755C5AD9FC",
				"05F39CE99B5F84B115D64A5C",
				"7AE7382034347034607FE37E");
			name = "pictures";
			sourceTree = "<group>";
		};
		C035C47EA8A0F870392F1168 = {
			isa = PBXGroup;
			children = (
				"A252B3E646B70CCD8B2FCB4B",
				"0FA0B6A70B5361EC4C2A389D",
				"115EF263CE15A9B173DABF01",
				"F3AD6D292D10311931D188BD",
				"095CDCE1583179F2240802F2",
				"3C088B7444928F18F2E75883",
				"29BF3D5B6B6CD11C2D97B3A2",
				"FF15203EE8CFBF6787761575",
				"7B9F432DB4896BC9B1B041E6",
				"A51BBCD66E946BC606B36999",
				"502801F55A42B4C07B280263",
				"26A7B9AC72FC9DBD3D8B601F",
				"171B2FEF17380FDF696E6A65",
				"213E0CF7C708A5F4FA1C2278",
				"AA5DEA8105A7ECE6F17386AF",
				"C57909793FADDA9696D0FD51",
				"C715D467B6F41F1FC03A7FA6",
				"D80621C5F1F00F5FC3FFFCCD",
				"003F46EC438906631E998FB1",
				"A848C788858B0B19D381039A",
				"0B1CA6B51274544EDEAF1771",
				"19EDF0319F15D1DE8815D8D0",
				"F220627648A13C40E9EB92FE",
				"2DD44349AE29407275FD58A3",
				"D5A9E64E56A9B810569B182B",
				"E8A1BCEA770440CA54DE7F60",
				"E09C31B888F76113BA3F811C",
				"45405ADF2A8B6FC4150723E6",
				"C0B5981DE02706919F4FC5ED",
				"D703538BAB3AB43EA82A93F8",
				"2AF04C4BE7D6A83400AD26B9",
				"D9B13E882764C5DEB92BA199",
				"5772A4CA6421BD539F495516",
				"C5305F919B8ACA1392407456",
				"B09AB6C4795F534F2168B536",
				"33DD88CCD403B7E52EF70647",
				"101C0F645978A9FA8E8FF574",
				"FECC721659E7D237F2871DDF");
			name = "service_widgets";
			sourceTree = "<group>";
		};
		C825882C00853E46748DD682 = {
			isa = PBXGroup;
			children = (
				"616F0FAC6F355F0B6B7B43C9",
				"DC09AAF212173E1767884419");
			name = "settings_widgets";
			sourceTree = "<group>";
		};
		AAAE64BBE27392B3DEEB94A9 = {
			isa = PBXGroup;
			children = (
				"C86B2D9D450FB6BBAA9D65AB",
				"C04FB991315F0FBC4BC12256",
				"B3967E9683A3B26CA39A7B5B",
				"453ED5F79FB67C3622E00B10",
				"8A7A530B213BBAE004CA1145",
				"41B471B7D3B6F2A2AB3ED960");
			name = "tasks";
			sourceTree = "<group>";
		};
		848FDE7AF9516BAF92CAEB93 = {
			isa = PBXGroup;
			children = (
				"430C8B951E35D78AF7B4F3C3");
			name = "build";
			sourceTree = "<group>";
		};
		430C8B951E35D78AF7B4F3C3 = {
			isa = PBXGroup;
			children = (
				"8873EB47051BD1CDE95A352F",
				"86A5F7C3924E4C776D48876B");
			name = "Qt_6_6_3_for_iOS_4f333c-Release";
			sourceTree = "<group>";
		};
		87DF60DE337FB58864343E39 = {
			isa = PBXGroup;
			children = (
				"B063C05789A35C74F9268F37");
			name = "Resources";
			sourceTree = "<group>";
		};
		2EB56BE3C2D93CDAB0C52E67 = {
			isa = PBXGroup;
			children = (
				"6926FA1DAE4576EFE800BD1A",
				"2B3F2A9BDC4158CDFAA41511",
				"062DD203BF1F46601BA518B0",
				"BC5E8D4E851F99E51EDEB11E",
				"9D898DC2889A00DB06D4A7C8",
				"A9B57F8011F977EBEF2A7743",
				"2AEFCBFDC749428E00421979",
				"02AEC2442770826BEC53C0A7",
				"E95D4292B20FE73546FB2033",
				"C035C47EA8A0F870392F1168",
				"0CCE304DB54CE678543C9E59",
				"4316763D241EB3BDA57170D6",
				"5D45BDE7F4B871A53A8F49F3",
				"55A4275B8690CE18455338A4",
				"9174D115833483047510FFFF",
				"A90E89980C70DF9DE321D339",
				"C825882C00853E46748DD682",
				"AAAE64BBE27392B3DEEB94A9",
				"F116507F1EB72DD053AA4A19",
				"5DC698F21F5D10CB790AB4FE",
				"CA996E2CE0A2EE7D8B485A59",
				"0F976E85D91BC37BF534254A",
				"A0D8325D56F10343628EC2BF",
				"1923CF8EFD6F6280AAB44DDC",
				"F894DB60998AB9AF939DDE0B",
				"269BA8366078EFC961D915BF",
				"10CA17007F412DA6EDF26F8A",
				"615E9E8601C59DDB27DBFF7C",
				"7C0FD2ED475E3CC461F891EA");
			name = "Sources";
			sourceTree = "<group>";
		};
		74B182DB50CB5611B5C1C297 = {
			isa = PBXGroup;
			children = (
				"848FDE7AF9516BAF92CAEB93",
				"937F5868C34A13B69B4CD484");
			name = "Supporting Files";
			sourceTree = "<group>";
		};
		7EF0942E79C014DCEC8976BC = {
			buildActionMask = 2147483647;
			files = (
				);
			isa = PBXShellScriptBuildPhase;
			runOnlyForDeploymentPostprocessing = 0;
			name = "Qt Preprocessors";
			inputPaths = (
				"../../resources.qrc",
				"../../carsh_service_widgets/qcarshcarddlg.h",
				"../../carsh_service_widgets/qcarshserviceemploeecarddlg.h",
				"../../carsh_service_widgets/qcarshservicemaindlg.h",
				"../../carsh_service_widgets/qcarshserviceusersdlg.h",
				"../../emploee_widgets/QEmploeeTasksDlg.h",
				"../../emploee_widgets/qemploeemaindlg.h",
				"../../pictures/qpictureswidget.h",
				"../../qsocketbd.h",
				"../../qsocketbdnetclient.h",
				"../../service_widgets/qclicablelabel.h",
				"../../service_widgets/qcolumntext.h",
				"../../service_widgets/qcsbasedialog.h",
				"../../service_widgets/qcsbasedlgscrollwidget.h",
				"../../service_widgets/qcsbaselistitemdelegate.h",
				"../../service_widgets/qcsbaselistwidget.h",
				"../../service_widgets/qcsmultiselectdlg.h",
				"../../service_widgets/qcspaybasedialog.h",
				"../../service_widgets/qcsselectdialog.h",
				"../../service_widgets/qcsselectdlgbuttonswidget.h",
				"../../service_widgets/qlinetext.h",
				"../../service_widgets/qloaddoclinewidget.h",
				"../../qregisterdlg.h",
				"../../qregisteremploeedlg.h",
				"../../qregisterpartnerPlatedlg.h",
				"../../service_widgets/qcalendardataselectdlg.h",
				"../../service_widgets/qloaddocsdlg.h",
				"../../service_widgets/qnotecalendarwidget.h",
				"../../qsettingsdlg.h",
				"../../service_widgets/qselprovidercarshwidget.h",
				"../../service_widgets/qtimeselectdlg.h",
				"../../qcarshservicebasewidget.h",
				"../../pictures/imagepickerandroid.h",
				"../../pictures/imagewidget.h",
				"../../pictures/qfullscreenpicdialog.h",
				"../../pictures/qpiclabel.h",
				"../../service_widgets/qcolorselectdlg.h",
				"../../qcarshserviceapplication.h",
				"../../service_widgets/qyesnodlg.h",
				"../../settings_widgets/qsettingslistwidget.h",
				"../../tasks/qparkingtaskdialog.h",
				"../../tasks/qpenaltyparkingdialog.h",
				"../../tasks/qplatetaskdialog.h");
			outputPaths = (
				"qrc_resources.cpp",
				"moc_qcarshcarddlg.cpp",
				"moc_qcarshserviceemploeecarddlg.cpp",
				"moc_qcarshservicemaindlg.cpp",
				"moc_qcarshserviceusersdlg.cpp",
				"moc_QEmploeeTasksDlg.cpp",
				"moc_qemploeemaindlg.cpp",
				"moc_qpictureswidget.cpp",
				"moc_qsocketbd.cpp",
				"moc_qsocketbdnetclient.cpp",
				"moc_qclicablelabel.cpp",
				"moc_qcolumntext.cpp",
				"moc_qcsbasedialog.cpp",
				"moc_qcsbasedlgscrollwidget.cpp",
				"moc_qcsbaselistitemdelegate.cpp",
				"moc_qcsbaselistwidget.cpp",
				"moc_qcsmultiselectdlg.cpp",
				"moc_qcspaybasedialog.cpp",
				"moc_qcsselectdialog.cpp",
				"moc_qcsselectdlgbuttonswidget.cpp",
				"moc_qlinetext.cpp",
				"moc_qloaddoclinewidget.cpp",
				"moc_qregisterdlg.cpp",
				"moc_qregisteremploeedlg.cpp",
				"moc_qregisterpartnerPlatedlg.cpp",
				"moc_qcalendardataselectdlg.cpp",
				"moc_qloaddocsdlg.cpp",
				"moc_qnotecalendarwidget.cpp",
				"moc_qsettingsdlg.cpp",
				"moc_qselprovidercarshwidget.cpp",
				"moc_qtimeselectdlg.cpp",
				"moc_qcarshservicebasewidget.cpp",
				"moc_imagepickerandroid.cpp",
				"moc_imagewidget.cpp",
				"moc_qfullscreenpicdialog.cpp",
				"moc_qpiclabel.cpp",
				"moc_qcolorselectdlg.cpp",
				"moc_qcarshserviceapplication.cpp",
				"moc_qyesnodlg.cpp",
				"moc_qsettingslistwidget.cpp",
				"moc_qparkingtaskdialog.cpp",
				"moc_qpenaltyparkingdialog.cpp",
				"moc_qplatetaskdialog.cpp");
			shellPath = "/bin/sh";
			shellScript = "make -C /Users/dimas/CarshService/build/Qt_6_6_3_for_iOS_4f333c-Release -f CarshService.xcodeproj/qt_preprocess.mak";
			showEnvVarsInLog = "0";
			alwaysOutOfDate = "1";
		};
		F7E50F631C51CD5B5DC0BC43 = {
			buildActionMask = 2147483647;
			files = (
				"A7A3AF07FBA213E9E19C900A",
				"127E191D5B5A5C1B1F221693",
				"BFB2AB58619673033A18A667",
				"32E572CBE84D946D9AABBD1C",
				"A6DDD8DBB47E244E1CA1F213",
				"31AC5E09DE079A31FC2B1E85",
				"6F0A8D24DC8361EE4A3892BD",
				"C1E6008C37434EC2B99EC60B",
				"9423D3997EC40458961217A1",
				"34835DEDF815BD5EE3C423C5",
				"7DA7A7C343768E9DB29444E1",
				"CADB38A92969BD45C16910BE",
				"7CE21AA186D8FDF528730ECE",
				"11AD6422B65B8AF0D13A490C",
				"D0E8761905708EE6FE2D5270",
				"EA3CB431937C39DEADA1F118",
				"598825244733B2129FA828EB",
				"19A5642F70D835CEBAC717DC",
				"0A4BD58570D4311E9D954A8D",
				"EC2B25C0D175FB3BF30001CE",
				"7A640F21CB0029D19EF1879E",
				"71FA96A47ED971DAF67BCE21",
				"094A422B5AAED3136B5EE47C",
				"3238D200E7647CBE33A6CE69",
				"807B2D02C5FB925293DAE2E9",
				"D642BA813B5284C2112E422B",
				"C32FE6CE118C22FD95333901",
				"7719EB0D5F5D70642DC437B4",
				"697643803C5A602CDA1F41C3",
				"0501C287C466371C6AEAC045",
				"E6F4EE224ECE4E5EB75B2F66",
				"E459AB2F2415BEB137FB22EB",
				"825C88167084715184BB1ED5",
				"6108FFF5708C630682C626AB",
				"6DDDA62ED0AD7B80787B6876",
				"99E6956CB47D05478071C3A2",
				"72FC656DC72C659D8C2561AE",
				"7E27877FFC85EDF3FD2DF52C",
				"365D49CD32A467253294D572",
				"732DB3921F68026B06B0C1B1",
				"FAC881387110A8E6DE0C6CAC",
				"2F819429DAA94FD4DA2DD951",
				"1F8D2E6B1DA15AB757B58EFD",
				"2A7C919E9FF2C071F443D2C0",
				"E3A72603A8A82F70F1B2DF3F",
				"C7C42FDE93585D3472300DAB",
				"1F6A2982CCE5D7A2F91368FC",
				"A6712F5D425A157971592DE5",
				"C602EF0CE523F3079156802E",
				"0D71A533AA2C7AEDCB877F58",
				"309D630453A0FDA189B90693",
				"2EABD0D5C98500841678A562",
				"3233D6CFAE1647C286438E26",
				"C41F24F9ED4CC525C106FD1C",
				"B870143DBEC9E189AD513898",
				"035C619855CC99EE3461B5FC",
				"9C5319986064ADE670646B23",
				"CC8BAA509EE5B667F09BE7BD",
				"D9E497A0DD5FCEAAE6D5EFFC",
				"571E969A000066D1322CD299",
				"A24EAA585C4F4EDC7B4B183C",
				"2D66012252176BA654926F55",
				"E9F721E1C7C2C8D273EAFE88",
				"981EED43BC467193CB86881B",
				"2197A6A0F6F56BC3F55C86EB",
				"63C25614B8F554E15EE2C89F",
				"C11572F473301FA50E7A3F4E",
				"A16DD48231E8EED71B7CE818",
				"CEFC65990E5CB74C82674B48",
				"A820396BDB2505BD6FA4B422",
				"694EC77657BD362D1C5EE165",
				"57E51B215CA3BE315D97B2A8",
				"5DD4DA83E038A0B650ED10DB",
				"29A3B3D73E173CD8294C667D",
				"315F7B124334D3862408AB77",
				"9985F83988053C48BEF8DB3B",
				"A8C1D644C7BAEA553E7319CB",
				"F09C23BD1D4F85B07188AAAD",
				"4C2528697DB88709A0E99CC9",
				"912FBF431E58590BB7CBC1E8",
				"F46B5AABA5B3556E773800BA",
				"687BEA64269AD6A3D01708B9",
				"178ED52F7F5B846DC1D7D9EC",
				"064D5B123B0FF9DA583FBD32",
				"DE5B241B37C1D7A7972A97F1",
				"15AF6C5BF8443D3FA38673F2",
				"E5711DF633B06D469EDF2DFB",
				"68084DAAFA058AF74A73F49B",
				"40B97408D89ABAD8AC3D874B",
				"6AC0E977E22182A9B65893D7");
			isa = PBXSourcesBuildPhase;
			runOnlyForDeploymentPostprocessing = 0;
			name = "Compile Sources";
		};
		88E69D900383433B1665B47B = {
			isa = PBXFileReference;
			name = "qrc_qpdf.cpp.o";
			path = "/Users/dimas/Qt/6.6.3/ios/lib/objects-Release/Gui_resources_1/.rcc/qrc_qpdf.cpp.o";
			refType = 0;
			sourceTree = "<absolute>";
		};
		6EAED338796E2022502AADBA = {
			fileRef = "88E69D900383433B1665B47B";
			isa = PBXBuildFile;
			settings = {
			};
		};
		348528FE2679FF540557AE2C = {
			isa = PBXFileReference;
			name = "qrc_gui_shaders.cpp.o";
			path = "/Users/dimas/Qt/6.6.3/ios/lib/objects-Release/Gui_resources_2/.rcc/qrc_gui_shaders.cpp.o";
			refType = 0;
			sourceTree = "<absolute>";
		};
		7BE9C70F922069F20C893E46 = {
			fileRef = "348528FE2679FF540557AE2C";
			isa = PBXBuildFile;
			settings = {
			};
		};
		CEB1F2213078EB05E5C41FC5 = {
			isa = PBXFileReference;
			name = "qios";
			path = "/Users/dimas/Qt/6.6.3/ios/plugins/platforms/libqios$(QT_LIBRARY_SUFFIX).a";
			refType = 0;
			sourceTree = "<absolute>";
		};
		34F777C9D35124174001393F = {
			fileRef = "CEB1F2213078EB05E5C41FC5";
			isa = PBXBuildFile;
			settings = {
			};
		};
		3C44131FDCFEF4396B9EA2BA = {
			isa = PBXFileReference;
			name = "AudioToolbox.framework";
			path = "/System/Library/Frameworks/AudioToolbox.framework";
			refType = 0;
			sourceTree = "<absolute>";
			lastKnownFileType = "wrapper.framework";
		};
		4EB68D0C8182BCE33529C421 = {
			fileRef = "3C44131FDCFEF4396B9EA2BA";
			isa = PBXBuildFile;
			settings = {
			};
		};
		7EC00404ACD5AB0E97726B0E = {
			isa = PBXFileReference;
			name = "QuartzCore.framework";
			path = "/System/Library/Frameworks/QuartzCore.framework";
			refType = 0;
			sourceTree = "<absolute>";
			lastKnownFileType = "wrapper.framework";
		};
		B460F624007324313696BE86 = {
			fileRef = "7EC00404ACD5AB0E97726B0E";
			isa = PBXBuildFile;
			settings = {
			};
		};
		8CB5D2D9D720654DB04A6FF6 = {
			isa = PBXFileReference;
			name = "Qt6OpenGL";
			path = "/Users/dimas/Qt/6.6.3/ios/lib/libQt6OpenGL$(QT_LIBRARY_SUFFIX).a";
			refType = 0;
			sourceTree = "<absolute>";
		};
		4E852600CCCAB47B96F0E12E = {
			fileRef = "8CB5D2D9D720654DB04A6FF6";
			isa = PBXBuildFile;
			settings = {
			};
		};
		5F9A4B2B3FF5EC87C57CF6B4 = {
			isa = PBXFileReference;
			name = "UniformTypeIdentifiers.framework";
			path = "/System/Library/Frameworks/UniformTypeIdentifiers.framework";
			refType = 0;
			sourceTree = "<absolute>";
			lastKnownFileType = "wrapper.framework";
		};
		F30795E5207D73289814C47C = {
			fileRef = "5F9A4B2B3FF5EC87C57CF6B4";
			isa = PBXBuildFile;
			settings = {
			};
		};
		BD5FCA7D802D96BED4D98BB2 = {
			isa = PBXFileReference;
			name = "Photos.framework";
			path = "/System/Library/Frameworks/Photos.framework";
			refType = 0;
			sourceTree = "<absolute>";
			lastKnownFileType = "wrapper.framework";
		};
		608694C2F85C903B08FF61AE = {
			fileRef = "BD5FCA7D802D96BED4D98BB2";
			isa = PBXBuildFile;
			settings = {
			};
		};
		9B9F5D0D04E8040DA1AA85C5 = {
			isa = PBXFileReference;
			name = "qsvgicon";
			path = "/Users/dimas/Qt/6.6.3/ios/plugins/iconengines/libqsvgicon$(QT_LIBRARY_SUFFIX).a";
			refType = 0;
			sourceTree = "<absolute>";
		};
		1A601DA0DAD9799F06480068 = {
			fileRef = "9B9F5D0D04E8040DA1AA85C5";
			isa = PBXBuildFile;
			settings = {
			};
		};
		8010B7DE542FF2E295B20707 = {
			isa = PBXFileReference;
			name = "qgif";
			path = "/Users/dimas/Qt/6.6.3/ios/plugins/imageformats/libqgif$(QT_LIBRARY_SUFFIX).a";
			refType = 0;
			sourceTree = "<absolute>";
		};
		754DF6F4A3E660D4FBC01010 = {
			fileRef = "8010B7DE542FF2E295B20707";
			isa = PBXBuildFile;
			settings = {
			};
		};
		F2935118C57F34A74B31B5C3 = {
			isa = PBXFileReference;
			name = "qico";
			path = "/Users/dimas/Qt/6.6.3/ios/plugins/imageformats/libqico$(QT_LIBRARY_SUFFIX).a";
			refType = 0;
			sourceTree = "<absolute>";
		};
		92ADAEB37CDA14C49FF0440A = {
			fileRef = "F2935118C57F34A74B31B5C3";
			isa = PBXBuildFile;
			settings = {
			};
		};
		4FFE163EAF0980DD6AEF2EC6 = {
			isa = PBXFileReference;
			name = "qjpeg";
			path = "/Users/dimas/Qt/6.6.3/ios/plugins/imageformats/libqjpeg$(QT_LIBRARY_SUFFIX).a";
			refType = 0;
			sourceTree = "<absolute>";
		};
		27B634DB60856B4869697A20 = {
			fileRef = "4FFE163EAF0980DD6AEF2EC6";
			isa = PBXBuildFile;
			settings = {
			};
		};
		E6AF926263B675A29809A91E = {
			isa = PBXFileReference;
			name = "libQt6BundledLibjpeg.a";
			path = "/Users/dimas/Qt/6.6.3/ios/lib/libQt6BundledLibjpeg.a";
			refType = 0;
			sourceTree = "<absolute>";
		};
		3D0B437ED7B807C94D99D95C = {
			fileRef = "E6AF926263B675A29809A91E";
			isa = PBXBuildFile;
			settings = {
			};
		};
		C8F6D305A8FA666B770B720C = {
			isa = PBXFileReference;
			name = "qsvg";
			path = "/Users/dimas/Qt/6.6.3/ios/plugins/imageformats/libqsvg$(QT_LIBRARY_SUFFIX).a";
			refType = 0;
			sourceTree = "<absolute>";
		};
		651A786285527E02B5E621F7 = {
			fileRef = "C8F6D305A8FA666B770B720C";
			isa = PBXBuildFile;
			settings = {
			};
		};
		ED48D1AC3190B2D7E266E6B1 = {
			isa = PBXFileReference;
			name = "Qt6Svg";
			path = "/Users/dimas/Qt/6.6.3/ios/lib/libQt6Svg$(QT_LIBRARY_SUFFIX).a";
			refType = 0;
			sourceTree = "<absolute>";
		};
		F7AA53B74085CE5FABEC1D37 = {
			fileRef = "ED48D1AC3190B2D7E266E6B1";
			isa = PBXBuildFile;
			settings = {
			};
		};
		6A2E97787A9442CEDFC3A26E = {
			isa = PBXFileReference;
			name = "qsqlite";
			path = "/Users/dimas/Qt/6.6.3/ios/plugins/sqldrivers/libqsqlite$(QT_LIBRARY_SUFFIX).a";
			refType = 0;
			sourceTree = "<absolute>";
		};
		B78A779F3CAA760A9F0037F0 = {
			fileRef = "6A2E97787A9442CEDFC3A26E";
			isa = PBXBuildFile;
			settings = {
			};
		};
		DE24D02BF1BAE073C1F97D19 = {
			isa = PBXFileReference;
			name = "qscnetworkreachability";
			path = "/Users/dimas/Qt/6.6.3/ios/plugins/networkinformation/libqscnetworkreachability$(QT_LIBRARY_SUFFIX).a";
			refType = 0;
			sourceTree = "<absolute>";
		};
		A46E0F5752A35277B356DC7E = {
			fileRef = "DE24D02BF1BAE073C1F97D19";
			isa = PBXBuildFile;
			settings = {
			};
		};
		4148D32B0F26B5DECC804B87 = {
			isa = PBXFileReference;
			name = "qsecuretransportbackend";
			path = "/Users/dimas/Qt/6.6.3/ios/plugins/tls/libqsecuretransportbackend$(QT_LIBRARY_SUFFIX).a";
			refType = 0;
			sourceTree = "<absolute>";
		};
		CF6F420C3804C89F0487AD89 = {
			fileRef = "4148D32B0F26B5DECC804B87";
			isa = PBXBuildFile;
			settings = {
			};
		};
		2D41BE9F4185DB911A3ED308 = {
			isa = PBXFileReference;
			name = "qrc_qstyle.cpp.o";
			path = "/Users/dimas/Qt/6.6.3/ios/lib/objects-Release/Widgets_resources_1/.rcc/qrc_qstyle.cpp.o";
			refType = 0;
			sourceTree = "<absolute>";
		};
		125D1353DF1FCF25FC6667FA = {
			fileRef = "2D41BE9F4185DB911A3ED308";
			isa = PBXBuildFile;
			settings = {
			};
		};
		0D80AA8EC6DC894B852C6E43 = {
			isa = PBXFileReference;
			name = "qrc_qstyle1.cpp.o";
			path = "/Users/dimas/Qt/6.6.3/ios/lib/objects-Release/Widgets_resources_2/.rcc/qrc_qstyle1.cpp.o";
			refType = 0;
			sourceTree = "<absolute>";
		};
		01D23F04FDCF464E48916C3F = {
			fileRef = "0D80AA8EC6DC894B852C6E43";
			isa = PBXBuildFile;
			settings = {
			};
		};
		4B68C09E08A290817A89E470 = {
			isa = PBXFileReference;
			name = "qrc_qmessagebox.cpp.o";
			path = "/Users/dimas/Qt/6.6.3/ios/lib/objects-Release/Widgets_resources_3/.rcc/qrc_qmessagebox.cpp.o";
			refType = 0;
			sourceTree = "<absolute>";
		};
		171C51C6E56AEB2ABBDEB820 = {
			fileRef = "4B68C09E08A290817A89E470";
			isa = PBXBuildFile;
			settings = {
			};
		};
		B67C821F0389E6AE127C7B40 = {
			isa = PBXFileReference;
			name = "Qt6Widgets";
			path = "/Users/dimas/Qt/6.6.3/ios/lib/libQt6Widgets$(QT_LIBRARY_SUFFIX).a";
			refType = 0;
			sourceTree = "<absolute>";
		};
		272A11672E24220B694D28EF = {
			fileRef = "B67C821F0389E6AE127C7B40";
			isa = PBXBuildFile;
			settings = {
			};
		};
		AC96731BD0FB1BEBD99864CE = {
			isa = PBXFileReference;
			name = "Qt6Gui";
			path = "/Users/dimas/Qt/6.6.3/ios/lib/libQt6Gui$(QT_LIBRARY_SUFFIX).a";
			refType = 0;
			sourceTree = "<absolute>";
		};
		6486A377B2103CE37EB36F73 = {
			fileRef = "AC96731BD0FB1BEBD99864CE";
			isa = PBXBuildFile;
			settings = {
			};
		};
		3A8EF9C62A8D4790CBB89CEA = {
			isa = PBXFileReference;
			name = "ImageIO.framework";
			path = "/System/Library/Frameworks/ImageIO.framework";
			refType = 0;
			sourceTree = "<absolute>";
			lastKnownFileType = "wrapper.framework";
		};
		61EEC397DC8556BF8C4E36A7 = {
			fileRef = "3A8EF9C62A8D4790CBB89CEA";
			isa = PBXBuildFile;
			settings = {
			};
		};
		6AE3EC31EE5BB1FCEE84137C = {
			isa = PBXFileReference;
			name = "CoreGraphics.framework";
			path = "/System/Library/Frameworks/CoreGraphics.framework";
			refType = 0;
			sourceTree = "<absolute>";
			lastKnownFileType = "wrapper.framework";
		};
		0CE02722F00CAD43741297B5 = {
			fileRef = "6AE3EC31EE5BB1FCEE84137C";
			isa = PBXBuildFile;
			settings = {
			};
		};
		ED82AE30658A9F11D781492F = {
			isa = PBXFileReference;
			name = "libQt6BundledHarfbuzz.a";
			path = "/Users/dimas/Qt/6.6.3/ios/lib/libQt6BundledHarfbuzz.a";
			refType = 0;
			sourceTree = "<absolute>";
		};
		B1B0E99F5464BE558B4A7D01 = {
			fileRef = "ED82AE30658A9F11D781492F";
			isa = PBXBuildFile;
			settings = {
			};
		};
		7D7B02101166B76FD2D4F8B4 = {
			isa = PBXFileReference;
			name = "CoreText.framework";
			path = "/System/Library/Frameworks/CoreText.framework";
			refType = 0;
			sourceTree = "<absolute>";
			lastKnownFileType = "wrapper.framework";
		};
		2B02D9DC58A01E45248DDBCE = {
			fileRef = "7D7B02101166B76FD2D4F8B4";
			isa = PBXBuildFile;
			settings = {
			};
		};
		89B64EA94E2C5F5075CBE5F1 = {
			isa = PBXFileReference;
			name = "libQt6BundledFreetype.a";
			path = "/Users/dimas/Qt/6.6.3/ios/lib/libQt6BundledFreetype.a";
			refType = 0;
			sourceTree = "<absolute>";
		};
		02BE75D33A5D94422D46F9E2 = {
			fileRef = "89B64EA94E2C5F5075CBE5F1";
			isa = PBXBuildFile;
			settings = {
			};
		};
		2BCCE7921BAE82C5C04F36B6 = {
			isa = PBXFileReference;
			name = "libQt6BundledLibpng.a";
			path = "/Users/dimas/Qt/6.6.3/ios/lib/libQt6BundledLibpng.a";
			refType = 0;
			sourceTree = "<absolute>";
		};
		6DC6FE8EFC9B4171DE1E6DD9 = {
			fileRef = "2BCCE7921BAE82C5C04F36B6";
			isa = PBXBuildFile;
			settings = {
			};
		};
		1B2543FCC48E9436F21C4F63 = {
			isa = PBXFileReference;
			name = "Metal.framework";
			path = "/System/Library/Frameworks/Metal.framework";
			refType = 0;
			sourceTree = "<absolute>";
			lastKnownFileType = "wrapper.framework";
		};
		B3FE8FAC746D3D5BB24FA398 = {
			fileRef = "1B2543FCC48E9436F21C4F63";
			isa = PBXBuildFile;
			settings = {
			};
		};
		BF1F028863B49ABAB9048C98 = {
			isa = PBXFileReference;
			name = "Qt6Sql";
			path = "/Users/dimas/Qt/6.6.3/ios/lib/libQt6Sql$(QT_LIBRARY_SUFFIX).a";
			refType = 0;
			sourceTree = "<absolute>";
		};
		2922DB47CDB9053AF41A027C = {
			fileRef = "BF1F028863B49ABAB9048C98";
			isa = PBXBuildFile;
			settings = {
			};
		};
		015CE1C201CC9D31D7A48DCB = {
			isa = PBXFileReference;
			name = "Qt6Network";
			path = "/Users/dimas/Qt/6.6.3/ios/lib/libQt6Network$(QT_LIBRARY_SUFFIX).a";
			refType = 0;
			sourceTree = "<absolute>";
		};
		2499FAF37D437B2870419492 = {
			fileRef = "015CE1C201CC9D31D7A48DCB";
			isa = PBXBuildFile;
			settings = {
			};
		};
		205259EEEE2BADA5E64741E3 = {
			isa = PBXFileReference;
			name = "Security.framework";
			path = "/System/Library/Frameworks/Security.framework";
			refType = 0;
			sourceTree = "<absolute>";
			lastKnownFileType = "wrapper.framework";
		};
		15364689D2AB5A30E87A689F = {
			fileRef = "205259EEEE2BADA5E64741E3";
			isa = PBXBuildFile;
			settings = {
			};
		};
		C6809A40D11D8DEFCE1ED742 = {
			isa = PBXFileReference;
			name = "CFNetwork.framework";
			path = "/System/Library/Frameworks/CFNetwork.framework";
			refType = 0;
			sourceTree = "<absolute>";
			lastKnownFileType = "wrapper.framework";
		};
		AFF975DFE96ABAA5D7DD9C77 = {
			fileRef = "C6809A40D11D8DEFCE1ED742";
			isa = PBXBuildFile;
			settings = {
			};
		};
		FF5BDAB0076F3391B219EA52 = {
			isa = PBXFileReference;
			name = "SystemConfiguration.framework";
			path = "/System/Library/Frameworks/SystemConfiguration.framework";
			refType = 0;
			sourceTree = "<absolute>";
			lastKnownFileType = "wrapper.framework";
		};
		D4639595C3BCF2A39D88DF6E = {
			fileRef = "FF5BDAB0076F3391B219EA52";
			isa = PBXBuildFile;
			settings = {
			};
		};
		DBE4F940BF61A8803D723756 = {
			isa = PBXFileReference;
			name = "Qt6Core5Compat";
			path = "/Users/dimas/Qt/6.6.3/ios/lib/libQt6Core5Compat$(QT_LIBRARY_SUFFIX).a";
			refType = 0;
			sourceTree = "<absolute>";
		};
		869407CAFD9A3FDDBD8F0338 = {
			fileRef = "DBE4F940BF61A8803D723756";
			isa = PBXBuildFile;
			settings = {
			};
		};
		FA4E26CDAF26D39BCA5B9311 = {
			isa = PBXFileReference;
			name = "Qt6Core";
			path = "/Users/dimas/Qt/6.6.3/ios/lib/libQt6Core$(QT_LIBRARY_SUFFIX).a";
			refType = 0;
			sourceTree = "<absolute>";
		};
		7E4D1536EDF9CB7552445757 = {
			fileRef = "FA4E26CDAF26D39BCA5B9311";
			isa = PBXBuildFile;
			settings = {
			};
		};
		A1A67BEAA744704B29168D39 = {
			isa = PBXFileReference;
			name = "IOKit.framework";
			path = "/System/Library/Frameworks/IOKit.framework";
			refType = 0;
			sourceTree = "<absolute>";
			lastKnownFileType = "wrapper.framework";
		};
		8D267F2E4776F0ECA2F49DC8 = {
			fileRef = "A1A67BEAA744704B29168D39";
			isa = PBXBuildFile;
			settings = {
			};
		};
		4D765E1B1EA6C757220C63E7 = {
			isa = PBXFileReference;
			name = "CoreFoundation.framework";
			path = "/System/Library/Frameworks/CoreFoundation.framework";
			refType = 0;
			sourceTree = "<absolute>";
			lastKnownFileType = "wrapper.framework";
		};
		F8B465CE34D8DF87AAE95913 = {
			fileRef = "4D765E1B1EA6C757220C63E7";
			isa = PBXBuildFile;
			settings = {
			};
		};
		FCC237CA5AD60B9BA4447615 = {
			isa = PBXFileReference;
			name = "Foundation.framework";
			path = "/System/Library/Frameworks/Foundation.framework";
			refType = 0;
			sourceTree = "<absolute>";
			lastKnownFileType = "wrapper.framework";
		};
		F26454630C80841CBDCFE1CA = {
			fileRef = "FCC237CA5AD60B9BA4447615";
			isa = PBXBuildFile;
			settings = {
			};
		};
		FCB629D6814F89F88D5746D5 = {
			isa = PBXFileReference;
			name = "libQt6BundledPcre2.a";
			path = "/Users/dimas/Qt/6.6.3/ios/lib/libQt6BundledPcre2.a";
			refType = 0;
			sourceTree = "<absolute>";
		};
		67BE1581ABE4FF04E4A11183 = {
			fileRef = "FCB629D6814F89F88D5746D5";
			isa = PBXBuildFile;
			settings = {
			};
		};
		AF39DD055C3EF8226FBE929D = {
			children = (
				"88E69D900383433B1665B47B",
				"348528FE2679FF540557AE2C",
				"CEB1F2213078EB05E5C41FC5",
				"3C44131FDCFEF4396B9EA2BA",
				"7EC00404ACD5AB0E97726B0E",
				"8CB5D2D9D720654DB04A6FF6",
				"5F9A4B2B3FF5EC87C57CF6B4",
				"BD5FCA7D802D96BED4D98BB2",
				"9B9F5D0D04E8040DA1AA85C5",
				"8010B7DE542FF2E295B20707",
				"F2935118C57F34A74B31B5C3",
				"4FFE163EAF0980DD6AEF2EC6",
				"E6AF926263B675A29809A91E",
				"C8F6D305A8FA666B770B720C",
				"ED48D1AC3190B2D7E266E6B1",
				"6A2E97787A9442CEDFC3A26E",
				"DE24D02BF1BAE073C1F97D19",
				"4148D32B0F26B5DECC804B87",
				"2D41BE9F4185DB911A3ED308",
				"0D80AA8EC6DC894B852C6E43",
				"4B68C09E08A290817A89E470",
				"B67C821F0389E6AE127C7B40",
				"AC96731BD0FB1BEBD99864CE",
				"3A8EF9C62A8D4790CBB89CEA",
				"6AE3EC31EE5BB1FCEE84137C",
				"ED82AE30658A9F11D781492F",
				"7D7B02101166B76FD2D4F8B4",
				"89B64EA94E2C5F5075CBE5F1",
				"2BCCE7921BAE82C5C04F36B6",
				"1B2543FCC48E9436F21C4F63",
				"BF1F028863B49ABAB9048C98",
				"015CE1C201CC9D31D7A48DCB",
				"205259EEEE2BADA5E64741E3",
				"C6809A40D11D8DEFCE1ED742",
				"FF5BDAB0076F3391B219EA52",
				"DBE4F940BF61A8803D723756",
				"FA4E26CDAF26D39BCA5B9311",
				"A1A67BEAA744704B29168D39",
				"4D765E1B1EA6C757220C63E7",
				"FCC237CA5AD60B9BA4447615",
				"FCB629D6814F89F88D5746D5");
			isa = PBXGroup;
			name = "Frameworks";
			sourceTree = "<group>";
		};
		D1C883685E82D5676953459A = {
			buildActionMask = 2147483647;
			files = (
				"6EAED338796E2022502AADBA",
				"7BE9C70F922069F20C893E46",
				"34F777C9D35124174001393F",
				"4EB68D0C8182BCE33529C421",
				"B460F624007324313696BE86",
				"4E852600CCCAB47B96F0E12E",
				"F30795E5207D73289814C47C",
				"608694C2F85C903B08FF61AE",
				"1A601DA0DAD9799F06480068",
				"754DF6F4A3E660D4FBC01010",
				"92ADAEB37CDA14C49FF0440A",
				"27B634DB60856B4869697A20",
				"3D0B437ED7B807C94D99D95C",
				"651A786285527E02B5E621F7",
				"F7AA53B74085CE5FABEC1D37",
				"B78A779F3CAA760A9F0037F0",
				"A46E0F5752A35277B356DC7E",
				"CF6F420C3804C89F0487AD89",
				"125D1353DF1FCF25FC6667FA",
				"01D23F04FDCF464E48916C3F",
				"171C51C6E56AEB2ABBDEB820",
				"272A11672E24220B694D28EF",
				"6486A377B2103CE37EB36F73",
				"61EEC397DC8556BF8C4E36A7",
				"0CE02722F00CAD43741297B5",
				"B1B0E99F5464BE558B4A7D01",
				"2B02D9DC58A01E45248DDBCE",
				"02BE75D33A5D94422D46F9E2",
				"6DC6FE8EFC9B4171DE1E6DD9",
				"B3FE8FAC746D3D5BB24FA398",
				"2922DB47CDB9053AF41A027C",
				"2499FAF37D437B2870419492",
				"15364689D2AB5A30E87A689F",
				"AFF975DFE96ABAA5D7DD9C77",
				"D4639595C3BCF2A39D88DF6E",
				"869407CAFD9A3FDDBD8F0338",
				"7E4D1536EDF9CB7552445757",
				"8D267F2E4776F0ECA2F49DC8",
				"F8B465CE34D8DF87AAE95913",
				"F26454630C80841CBDCFE1CA",
				"67BE1581ABE4FF04E4A11183");
			isa = PBXFrameworksBuildPhase;
			runOnlyForDeploymentPostprocessing = 0;
			name = "Link Binary With Libraries";
		};
		1EB876DC903ACE6A921E4E5E = {
			isa = PBXFileReference;
			path = "/Users/dimas/CarshService/build/Qt_6_6_3_for_iOS_4f333c-Release/CarshService.xcodeproj/LaunchScreen.storyboard";
			name = "LaunchScreen.storyboard";
			sourceTree = "<absolute>";
		};
		B6702A7D8007BEFBDD49505D = {
			fileRef = "1EB876DC903ACE6A921E4E5E";
			isa = PBXBuildFile;
		};
		858FCAB0EB1F29CF8B07677C = {
			children = (
				"1EB876DC903ACE6A921E4E5E");
			isa = PBXGroup;
			name = "Bundle Data";
			sourceTree = "<group>";
		};
		30414803F31797EB689AE508 = {
			buildActionMask = 2147483647;
			files = (
				"B6702A7D8007BEFBDD49505D");
			isa = PBXResourcesBuildPhase;
			runOnlyForDeploymentPostprocessing = 0;
			name = "Copy Bundle Resources";
		};
		99542592E9780B9225F24AA8 = {
			isa = PBXCopyFilesBuildPhase;
			buildActionMask = 2147483647;
			dstPath = "";
			dstSubfolderSpec = 10;
			files = (
				);
			name = "Embed Frameworks";
			runOnlyForDeploymentPostprocessing = 0;
		};
		06C88637EA70493B01D31728 = {
			isa = PBXFileReference;
			includeInIndex = 0;
			explicitFileType = "wrapper.application";
			path = "CarshService.app";
			sourceTree = BUILT_PRODUCTS_DIR;
		};
		FE0A091FDBFB3E9C31B7A1BD = {
			children = (
				"06C88637EA70493B01D31728");
			isa = PBXGroup;
			name = "Products";
			sourceTree = "<group>";
		};
		E8C543AB96796ECAA2E65C57 = {
			children = (
				"2EB56BE3C2D93CDAB0C52E67",
				"25B08E2869634E9BCBA333A2",
				"87DF60DE337FB58864343E39",
				"74B182DB50CB5611B5C1C297",
				"AF39DD055C3EF8226FBE929D",
				"858FCAB0EB1F29CF8B07677C",
				"FE0A091FDBFB3E9C31B7A1BD");
			isa = PBXGroup;
			name = "CarshService";
			sourceTree = "<group>";
		};
		22F5D4402B84E69AA85104CC = {
			buildPhases = (
				"5E618435888B9D49F8540165",
				"7EF0942E79C014DCEC8976BC");
			dependencies = (
				);
			buildConfigurationList = 6CC3B5D2136C7CD6A5CF5A59;
			isa = PBXAggregateTarget;
			buildRules = (
);
			productName = "Qt Preprocess";
			name = "Qt Preprocess";
		};
		A048B8D0277355C4AA0C640D = {
			isa = PBXTargetDependency;
			target = "22F5D4402B84E69AA85104CC";
		};
		FE0EA06FCA37810DDCDECD79 = {
			buildPhases = (
				"F7E50F631C51CD5B5DC0BC43",
				"D1C883685E82D5676953459A",
				"30414803F31797EB689AE508",
				"99542592E9780B9225F24AA8");
			dependencies = (
				"A048B8D0277355C4AA0C640D");
			productReference = "06C88637EA70493B01D31728";
			buildConfigurationList = 6CC3B5D2136C7CD6A5CF5A59;
			isa = PBXNativeTarget;
			buildRules = (
);
			productType = "com.apple.product-type.application";
			name = "CarshService";
			productName = "CarshService";
		};
		3AA6C32AC930069E80220CF1 = {
			isa = XCBuildConfiguration;
			buildSettings = {
				APPLICATION_EXTENSION_API_ONLY = "NO";
				"ARCHS[sdk=iphoneos*]" = "arm64";
				"ARCHS[sdk=iphonesimulator*]" = "x86_64";
				COPY_PHASE_STRIP = "NO";
				DEBUG_INFORMATION_FORMAT = "dwarf";
				DEVELOPMENT_TEAM = "GN2JHMW92L";
				ENABLE_BITCODE = "NO";
				GCC_OPTIMIZATION_LEVEL = "0";
				ONLY_ACTIVE_ARCH = "YES";
				PRODUCT_BUNDLE_IDENTIFIER = "ed.${PRODUCT_NAME:rfc1034identifier}";
				PRODUCT_NAME = "CarshService";
				QMAKE_FULL_VERSION = "1.0.0";
				"QMAKE_MAC_SDK_PATH[sdk=iphoneos*]" = "/Applications/Xcode.app/Contents/Developer/Platforms/iPhoneOS.platform/Developer/SDKs/iPhoneOS17.2.sdk";
				"QMAKE_MAC_SDK_PATH[sdk=iphonesimulator*]" = "/Applications/Xcode.app/Contents/Developer/Platforms/iPhoneSimulator.platform/Developer/SDKs/iPhoneSimulator17.2.sdk";
				"QMAKE_MAC_SDK_PLATFORM_PATH[sdk=iphoneos*]" = "/Applications/Xcode.app/Contents/Developer/Platforms/iPhoneOS.platform";
				"QMAKE_MAC_SDK_PLATFORM_PATH[sdk=iphonesimulator*]" = "/Applications/Xcode.app/Contents/Developer/Platforms/iPhoneSimulator.platform";
				QMAKE_PKGINFO_TYPEINFO = "????";
				QMAKE_SHORT_VERSION = "1.0";
				QT_LIBRARY_SUFFIX = "_debug";
				SDKROOT = "iphoneos";
				TARGETED_DEVICE_FAMILY = "1,2";
				GCC_VERSION = com.apple.compilers.llvm.clang.1_0;
				CC = "/Applications/Xcode.app/Contents/Developer/Toolchains/XcodeDefault.xctoolchain/usr/bin/clang";
				LDPLUSPLUS = "/Applications/Xcode.app/Contents/Developer/Toolchains/XcodeDefault.xctoolchain/usr/bin/clang++";
				INFOPLIST_FILE = "Info.plist";
				SYMROOT = "$(PROJECT_DIR)";
				DYLIB_CURRENT_VERSION = "1.0.0";
				DYLIB_COMPATIBILITY_VERSION = "1.0";
				MACOSX_DEPLOYMENT_TARGET = "14.0";
				IPHONEOS_DEPLOYMENT_TARGET = "14.0";
				CODE_SIGN_IDENTITY = "iPhone Developer";
				HEADER_SEARCH_PATHS = (
					"../../../CarshService",
					".",
					"../../../Qt/6.6.3/ios/mkspecs/common/uikit",
					"../../../Qt/6.6.3/ios/include/QtGui/6.6.3",
					"../../../Qt/6.6.3/ios/include/QtGui/6.6.3/QtGui",
					"../../../Qt/6.6.3/ios/include",
					"../../../Qt/6.6.3/ios/include/QtWidgets",
					"../../../Qt/6.6.3/ios/include/QtGui",
					"../../../Qt/6.6.3/ios/include/QtSql",
					"../../../Qt/6.6.3/ios/include/QtNetwork",
					"../../../Qt/6.6.3/ios/include/QtCore/6.6.3",
					"../../../Qt/6.6.3/ios/include/QtCore/6.6.3/QtCore",
					"../../../Qt/6.6.3/ios/include/QtCore5Compat",
					"../../../Qt/6.6.3/ios/include/QtCore",
					".",
					"../../../Qt/6.6.3/ios/mkspecs/macx-ios-clang");
				LIBRARY_SEARCH_PATHS = (
					"/Users/dimas/Qt/6.6.3/ios/lib/objects-Release/Gui_resources_1/.rcc",
					"/Users/dimas/Qt/6.6.3/ios/lib/objects-Release/Gui_resources_2/.rcc",
					"/Users/dimas/Qt/6.6.3/ios/plugins/platforms",
					"/System/Library/Frameworks/",
					"/Users/dimas/Qt/6.6.3/ios/lib",
					"/Users/dimas/Qt/6.6.3/ios/plugins/iconengines",
					"/Users/dimas/Qt/6.6.3/ios/plugins/imageformats",
					"/Users/dimas/Qt/6.6.3/ios/plugins/sqldrivers",
					"/Users/dimas/Qt/6.6.3/ios/plugins/networkinformation",
					"/Users/dimas/Qt/6.6.3/ios/plugins/tls",
					"/Users/dimas/Qt/6.6.3/ios/lib/objects-Release/Widgets_resources_1/.rcc",
					"/Users/dimas/Qt/6.6.3/ios/lib/objects-Release/Widgets_resources_2/.rcc",
					"/Users/dimas/Qt/6.6.3/ios/lib/objects-Release/Widgets_resources_3/.rcc");
				FRAMEWORK_SEARCH_PATHS = "";
				OTHER_CFLAGS = (
					"-pipe",
					"-O2",
					"-Wall",
					"-Wextra",
					"-DQT_NO_DEBUG",
					"-DQT_WIDGETS_LIB",
					"-DQT_GUI_LIB",
					"-DQT_SQL_LIB",
					"-DQT_NETWORK_LIB",
					"-DQT_CORE5COMPAT_LIB",
					"-DQT_CORE_LIB");
				OTHER_CPLUSPLUSFLAGS = (
					"-pipe",
					"-stdlib=libc++",
					"-O2",
					"-std=gnu++1z",
					"-Wall",
					"-Wextra",
					"-DQT_NO_DEBUG",
					"-DQT_WIDGETS_LIB",
					"-DQT_GUI_LIB",
					"-DQT_SQL_LIB",
					"-DQT_NETWORK_LIB",
					"-DQT_CORE5COMPAT_LIB",
					"-DQT_CORE_LIB");
				OTHER_LDFLAGS = (
						"-stdlib=libc++",
						"-headerpad_max_install_names",
						"-Wl,-rpath,@executable_path/Frameworks",
						"-framework",
						"AssetsLibrary",
						"-lz",
						"-lm",
						"-framework",
						"MobileCoreServices",
						"-framework",
						"UIKit",
						"-framework",
						"OpenGLES",
						"-Wl,-e,_qt_main_wrapper");
				ARCHS = "arm64 x86_64";
			};
			name = "Debug";
		};
		77418F46922677BB04ED38DD = {
			isa = XCBuildConfiguration;
			buildSettings = {
				APPLICATION_EXTENSION_API_ONLY = "NO";
				"ARCHS[sdk=iphoneos*]" = "arm64";
				"ARCHS[sdk=iphonesimulator*]" = "x86_64";
				COPY_PHASE_STRIP = "NO";
				DEBUG_INFORMATION_FORMAT = "dwarf";
				DEVELOPMENT_TEAM = "GN2JHMW92L";
				ENABLE_BITCODE = "NO";
				GCC_OPTIMIZATION_LEVEL = "0";
				ONLY_ACTIVE_ARCH = "YES";
				PRODUCT_BUNDLE_IDENTIFIER = "ed.${PRODUCT_NAME:rfc1034identifier}";
				PRODUCT_NAME = "CarshService";
				QMAKE_FULL_VERSION = "1.0.0";
				"QMAKE_MAC_SDK_PATH[sdk=iphoneos*]" = "/Applications/Xcode.app/Contents/Developer/Platforms/iPhoneOS.platform/Developer/SDKs/iPhoneOS17.2.sdk";
				"QMAKE_MAC_SDK_PATH[sdk=iphonesimulator*]" = "/Applications/Xcode.app/Contents/Developer/Platforms/iPhoneSimulator.platform/Developer/SDKs/iPhoneSimulator17.2.sdk";
				"QMAKE_MAC_SDK_PLATFORM_PATH[sdk=iphoneos*]" = "/Applications/Xcode.app/Contents/Developer/Platforms/iPhoneOS.platform";
				"QMAKE_MAC_SDK_PLATFORM_PATH[sdk=iphonesimulator*]" = "/Applications/Xcode.app/Contents/Developer/Platforms/iPhoneSimulator.platform";
				QMAKE_PKGINFO_TYPEINFO = "????";
				QMAKE_SHORT_VERSION = "1.0";
				QT_LIBRARY_SUFFIX = "_debug";
				SDKROOT = "iphoneos";
				TARGETED_DEVICE_FAMILY = "1,2";
				PRODUCT_NAME = "CarshService";
			};
			name = "Debug";
		};
		339EE1B2CC4FC24589A0EA95 = {
			isa = XCBuildConfiguration;
			buildSettings = {
				APPLICATION_EXTENSION_API_ONLY = "NO";
				"ARCHS[sdk=iphoneos*]" = "arm64";
				"ARCHS[sdk=iphonesimulator*]" = "x86_64";
				COPY_PHASE_STRIP = "NO";
				DEVELOPMENT_TEAM = "GN2JHMW92L";
				ENABLE_BITCODE = "NO";
				PRODUCT_BUNDLE_IDENTIFIER = "ed.${PRODUCT_NAME:rfc1034identifier}";
				PRODUCT_NAME = "CarshService";
				QMAKE_FULL_VERSION = "1.0.0";
				"QMAKE_MAC_SDK_PATH[sdk=iphoneos*]" = "/Applications/Xcode.app/Contents/Developer/Platforms/iPhoneOS.platform/Developer/SDKs/iPhoneOS17.2.sdk";
				"QMAKE_MAC_SDK_PATH[sdk=iphonesimulator*]" = "/Applications/Xcode.app/Contents/Developer/Platforms/iPhoneSimulator.platform/Developer/SDKs/iPhoneSimulator17.2.sdk";
				"QMAKE_MAC_SDK_PLATFORM_PATH[sdk=iphoneos*]" = "/Applications/Xcode.app/Contents/Developer/Platforms/iPhoneOS.platform";
				"QMAKE_MAC_SDK_PLATFORM_PATH[sdk=iphonesimulator*]" = "/Applications/Xcode.app/Contents/Developer/Platforms/iPhoneSimulator.platform";
				QMAKE_PKGINFO_TYPEINFO = "????";
				QMAKE_SHORT_VERSION = "1.0";
				QT_LIBRARY_SUFFIX = "";
				SDKROOT = "iphoneos";
				TARGETED_DEVICE_FAMILY = "1,2";
				GCC_VERSION = com.apple.compilers.llvm.clang.1_0;
				CC = "/Applications/Xcode.app/Contents/Developer/Toolchains/XcodeDefault.xctoolchain/usr/bin/clang";
				LDPLUSPLUS = "/Applications/Xcode.app/Contents/Developer/Toolchains/XcodeDefault.xctoolchain/usr/bin/clang++";
				INFOPLIST_FILE = "Info.plist";
				SYMROOT = "$(PROJECT_DIR)";
				DYLIB_CURRENT_VERSION = "1.0.0";
				DYLIB_COMPATIBILITY_VERSION = "1.0";
				MACOSX_DEPLOYMENT_TARGET = "14.0";
				IPHONEOS_DEPLOYMENT_TARGET = "14.0";
				CODE_SIGN_IDENTITY = "iPhone Developer";
				HEADER_SEARCH_PATHS = (
					"../../../CarshService",
					".",
					"../../../Qt/6.6.3/ios/mkspecs/common/uikit",
					"../../../Qt/6.6.3/ios/include/QtGui/6.6.3",
					"../../../Qt/6.6.3/ios/include/QtGui/6.6.3/QtGui",
					"../../../Qt/6.6.3/ios/include",
					"../../../Qt/6.6.3/ios/include/QtWidgets",
					"../../../Qt/6.6.3/ios/include/QtGui",
					"../../../Qt/6.6.3/ios/include/QtSql",
					"../../../Qt/6.6.3/ios/include/QtNetwork",
					"../../../Qt/6.6.3/ios/include/QtCore/6.6.3",
					"../../../Qt/6.6.3/ios/include/QtCore/6.6.3/QtCore",
					"../../../Qt/6.6.3/ios/include/QtCore5Compat",
					"../../../Qt/6.6.3/ios/include/QtCore",
					".",
					"../../../Qt/6.6.3/ios/mkspecs/macx-ios-clang");
				LIBRARY_SEARCH_PATHS = (
					"/Users/dimas/Qt/6.6.3/ios/lib/objects-Release/Gui_resources_1/.rcc",
					"/Users/dimas/Qt/6.6.3/ios/lib/objects-Release/Gui_resources_2/.rcc",
					"/Users/dimas/Qt/6.6.3/ios/plugins/platforms",
					"/System/Library/Frameworks/",
					"/Users/dimas/Qt/6.6.3/ios/lib",
					"/Users/dimas/Qt/6.6.3/ios/plugins/iconengines",
					"/Users/dimas/Qt/6.6.3/ios/plugins/imageformats",
					"/Users/dimas/Qt/6.6.3/ios/plugins/sqldrivers",
					"/Users/dimas/Qt/6.6.3/ios/plugins/networkinformation",
					"/Users/dimas/Qt/6.6.3/ios/plugins/tls",
					"/Users/dimas/Qt/6.6.3/ios/lib/objects-Release/Widgets_resources_1/.rcc",
					"/Users/dimas/Qt/6.6.3/ios/lib/objects-Release/Widgets_resources_2/.rcc",
					"/Users/dimas/Qt/6.6.3/ios/lib/objects-Release/Widgets_resources_3/.rcc");
				FRAMEWORK_SEARCH_PATHS = "";
				OTHER_CFLAGS = (
					"-pipe",
					"-O2",
					"-Wall",
					"-Wextra",
					"-DQT_NO_DEBUG",
					"-DQT_WIDGETS_LIB",
					"-DQT_GUI_LIB",
					"-DQT_SQL_LIB",
					"-DQT_NETWORK_LIB",
					"-DQT_CORE5COMPAT_LIB",
					"-DQT_CORE_LIB");
				OTHER_CPLUSPLUSFLAGS = (
					"-pipe",
					"-stdlib=libc++",
					"-O2",
					"-std=gnu++1z",
					"-Wall",
					"-Wextra",
					"-DQT_NO_DEBUG",
					"-DQT_WIDGETS_LIB",
					"-DQT_GUI_LIB",
					"-DQT_SQL_LIB",
					"-DQT_NETWORK_LIB",
					"-DQT_CORE5COMPAT_LIB",
					"-DQT_CORE_LIB");
				OTHER_LDFLAGS = (
						"-stdlib=libc++",
						"-headerpad_max_install_names",
						"-Wl,-rpath,@executable_path/Frameworks",
						"-framework",
						"AssetsLibrary",
						"-lz",
						"-lm",
						"-framework",
						"MobileCoreServices",
						"-framework",
						"UIKit",
						"-framework",
						"OpenGLES",
						"-Wl,-e,_qt_main_wrapper");
				ARCHS = "arm64 x86_64";
			};
			name = "Release";
		};
		6666AA5E688052234F6758D8 = {
			isa = XCBuildConfiguration;
			buildSettings = {
				APPLICATION_EXTENSION_API_ONLY = "NO";
				"ARCHS[sdk=iphoneos*]" = "arm64";
				"ARCHS[sdk=iphonesimulator*]" = "x86_64";
				COPY_PHASE_STRIP = "NO";
				DEVELOPMENT_TEAM = "GN2JHMW92L";
				ENABLE_BITCODE = "NO";
				PRODUCT_BUNDLE_IDENTIFIER = "ed.${PRODUCT_NAME:rfc1034identifier}";
				PRODUCT_NAME = "CarshService";
				QMAKE_FULL_VERSION = "1.0.0";
				"QMAKE_MAC_SDK_PATH[sdk=iphoneos*]" = "/Applications/Xcode.app/Contents/Developer/Platforms/iPhoneOS.platform/Developer/SDKs/iPhoneOS17.2.sdk";
				"QMAKE_MAC_SDK_PATH[sdk=iphonesimulator*]" = "/Applications/Xcode.app/Contents/Developer/Platforms/iPhoneSimulator.platform/Developer/SDKs/iPhoneSimulator17.2.sdk";
				"QMAKE_MAC_SDK_PLATFORM_PATH[sdk=iphoneos*]" = "/Applications/Xcode.app/Contents/Developer/Platforms/iPhoneOS.platform";
				"QMAKE_MAC_SDK_PLATFORM_PATH[sdk=iphonesimulator*]" = "/Applications/Xcode.app/Contents/Developer/Platforms/iPhoneSimulator.platform";
				QMAKE_PKGINFO_TYPEINFO = "????";
				QMAKE_SHORT_VERSION = "1.0";
				QT_LIBRARY_SUFFIX = "";
				SDKROOT = "iphoneos";
				TARGETED_DEVICE_FAMILY = "1,2";
				PRODUCT_NAME = "CarshService";
			};
			name = "Release";
		};
		DAC4C1AA5EDEA1C85E9CA5E6 = {
			isa = XCConfigurationList;
			buildConfigurations = (
				"3AA6C32AC930069E80220CF1",
				"339EE1B2CC4FC24589A0EA95");
			defaultConfigurationIsVisible = 0;
			defaultConfigurationName = "Release";
		};
		6CC3B5D2136C7CD6A5CF5A59 = {
			isa = XCConfigurationList;
			buildConfigurations = (
				"77418F46922677BB04ED38DD",
				"6666AA5E688052234F6758D8");
			defaultConfigurationIsVisible = 0;
			defaultConfigurationName = "Release";
		};
		6DB9C3763D02B1415CD9D565 = {
			hasScannedForEncodings = 1;
			compatibilityVersion = "Xcode 3.2";
			isa = PBXProject;
			mainGroup = "E8C543AB96796ECAA2E65C57";
			productRefGroup = "FE0A091FDBFB3E9C31B7A1BD";
			buildConfigurationList = "DAC4C1AA5EDEA1C85E9CA5E6";
			projectDirPath = "";
			projectRoot = "";
			targets = (
				"FE0EA06FCA37810DDCDECD79",
				"22F5D4402B84E69AA85104CC");
			attributes = {
				TargetAttributes = {
				};
			};
		};
	};
	rootObject = "6DB9C3763D02B1415CD9D565";
}
